// !$*UTF8*$!
{
	archiveVersion = 1;
	classes = {
	};
	objectVersion = 46;
	objects = {

/* Begin PBXBuildFile section */
		C3333E071B5D279400241DAA /* UIWebView+TS_JavaScriptContext.m in Sources */ = {isa = PBXBuildFile; fileRef = C3333E061B5D279400241DAA /* UIWebView+TS_JavaScriptContext.m */; };
		C366E9FD1B65E74F00EE6D3B /* AGPushNoteView.m in Sources */ = {isa = PBXBuildFile; fileRef = C366E9FB1B65E74F00EE6D3B /* AGPushNoteView.m */; };
		C366E9FE1B65E74F00EE6D3B /* AGPushNoteView.xib in Resources */ = {isa = PBXBuildFile; fileRef = C366E9FC1B65E74F00EE6D3B /* AGPushNoteView.xib */; };
		C3B1B1AE1B6514EE00705A11 /* BridgeNativeNotification.m in Sources */ = {isa = PBXBuildFile; fileRef = C3B1B1AD1B6514EE00705A11 /* BridgeNativeNotification.m */; };
		C3B1B1B01B6514FB00705A11 /* notification.js in Resources */ = {isa = PBXBuildFile; fileRef = C3B1B1AF1B6514FB00705A11 /* notification.js */; };
		C3C3D2681B611283004B6F77 /* BridgeNativeEcho.m in Sources */ = {isa = PBXBuildFile; fileRef = C3C3D2671B611283004B6F77 /* BridgeNativeEcho.m */; };
		C3C3D26A1B6115BB004B6F77 /* echo.js in Resources */ = {isa = PBXBuildFile; fileRef = C3C3D2691B6115BB004B6F77 /* echo.js */; };
		C3C3D26C1B6120D0004B6F77 /* message_hub.js in Resources */ = {isa = PBXBuildFile; fileRef = C3C3D26B1B6120D0004B6F77 /* message_hub.js */; };
		C3C8B7501B5E758A0022D5CC /* callback_manager.js in Resources */ = {isa = PBXBuildFile; fileRef = C3C8B74F1B5E758A0022D5CC /* callback_manager.js */; };
		C3EB94491B5CF00400F0144B /* main.m in Sources */ = {isa = PBXBuildFile; fileRef = C3EB94481B5CF00400F0144B /* main.m */; };
		C3EB944C1B5CF00400F0144B /* AppDelegate.m in Sources */ = {isa = PBXBuildFile; fileRef = C3EB944B1B5CF00400F0144B /* AppDelegate.m */; };
		C3EB944F1B5CF00400F0144B /* ViewController.m in Sources */ = {isa = PBXBuildFile; fileRef = C3EB944E1B5CF00400F0144B /* ViewController.m */; };
		C3EB94521B5CF00400F0144B /* Main.storyboard in Resources */ = {isa = PBXBuildFile; fileRef = C3EB94501B5CF00400F0144B /* Main.storyboard */; };
		C3EB94541B5CF00400F0144B /* Images.xcassets in Resources */ = {isa = PBXBuildFile; fileRef = C3EB94531B5CF00400F0144B /* Images.xcassets */; };
		C3EB94571B5CF00400F0144B /* LaunchScreen.xib in Resources */ = {isa = PBXBuildFile; fileRef = C3EB94551B5CF00400F0144B /* LaunchScreen.xib */; };
		C3EB94631B5CF00400F0144B /* YJWebViewTests.m in Sources */ = {isa = PBXBuildFile; fileRef = C3EB94621B5CF00400F0144B /* YJWebViewTests.m */; };
		C3EB94731B5CF09700F0144B /* WebKit.framework in Frameworks */ = {isa = PBXBuildFile; fileRef = C3EB94701B5CF05D00F0144B /* WebKit.framework */; };
		C3EB94741B5CF09C00F0144B /* JavaScriptCore.framework in Frameworks */ = {isa = PBXBuildFile; fileRef = C3EB946E1B5CF05600F0144B /* JavaScriptCore.framework */; };
		C3EB947B1B5CF12700F0144B /* YJHybridBridge.m in Sources */ = {isa = PBXBuildFile; fileRef = C3EB947A1B5CF12700F0144B /* YJHybridBridge.m */; };
		C3EB947F1B5CF13800F0144B /* MessageHub.m in Sources */ = {isa = PBXBuildFile; fileRef = C3EB947E1B5CF13800F0144B /* MessageHub.m */; };
		C3EB94821B5CF14200F0144B /* YJWKWebView.m in Sources */ = {isa = PBXBuildFile; fileRef = C3EB94811B5CF14200F0144B /* YJWKWebView.m */; };
		C3EB94851B5CF14A00F0144B /* YJUIWebView.m in Sources */ = {isa = PBXBuildFile; fileRef = C3EB94841B5CF14A00F0144B /* YJUIWebView.m */; };
		C3EB94881B5CF16400F0144B /* YJWebViewFactory.m in Sources */ = {isa = PBXBuildFile; fileRef = C3EB94871B5CF16400F0144B /* YJWebViewFactory.m */; };
		C3FC28601B61EB0600C7E3EB /* BridgeNativeVibrate.m in Sources */ = {isa = PBXBuildFile; fileRef = C3FC285F1B61EB0600C7E3EB /* BridgeNativeVibrate.m */; };
		C3FC28621B61F31B00C7E3EB /* vibration.js in Resources */ = {isa = PBXBuildFile; fileRef = C3FC28611B61F31B00C7E3EB /* vibration.js */; };
/* End PBXBuildFile section */

/* Begin PBXContainerItemProxy section */
		C3EB945D1B5CF00400F0144B /* PBXContainerItemProxy */ = {
			isa = PBXContainerItemProxy;
			containerPortal = C3EB943B1B5CF00400F0144B /* Project object */;
			proxyType = 1;
			remoteGlobalIDString = C3EB94421B5CF00400F0144B;
			remoteInfo = YJWebView;
		};
/* End PBXContainerItemProxy section */

/* Begin PBXFileReference section */
		C3333E051B5D279400241DAA /* UIWebView+TS_JavaScriptContext.h */ = {isa = PBXFileReference; fileEncoding = 4; lastKnownFileType = sourcecode.c.h; path = "UIWebView+TS_JavaScriptContext.h"; sourceTree = "<group>"; };
		C3333E061B5D279400241DAA /* UIWebView+TS_JavaScriptContext.m */ = {isa = PBXFileReference; fileEncoding = 4; lastKnownFileType = sourcecode.c.objc; path = "UIWebView+TS_JavaScriptContext.m"; sourceTree = "<group>"; };
		C366E9FA1B65E74F00EE6D3B /* AGPushNoteView.h */ = {isa = PBXFileReference; fileEncoding = 4; lastKnownFileType = sourcecode.c.h; path = AGPushNoteView.h; sourceTree = "<group>"; };
		C366E9FB1B65E74F00EE6D3B /* AGPushNoteView.m */ = {isa = PBXFileReference; fileEncoding = 4; lastKnownFileType = sourcecode.c.objc; path = AGPushNoteView.m; sourceTree = "<group>"; };
		C366E9FC1B65E74F00EE6D3B /* AGPushNoteView.xib */ = {isa = PBXFileReference; fileEncoding = 4; lastKnownFileType = file.xib; path = AGPushNoteView.xib; sourceTree = "<group>"; };
		C366EA001B65E84E00EE6D3B /* YJBridgeNative.h */ = {isa = PBXFileReference; fileEncoding = 4; lastKnownFileType = sourcecode.c.h; path = YJBridgeNative.h; sourceTree = "<group>"; };
		C3B1B1AC1B6514EE00705A11 /* BridgeNativeNotification.h */ = {isa = PBXFileReference; fileEncoding = 4; lastKnownFileType = sourcecode.c.h; path = BridgeNativeNotification.h; sourceTree = "<group>"; };
		C3B1B1AD1B6514EE00705A11 /* BridgeNativeNotification.m */ = {isa = PBXFileReference; fileEncoding = 4; lastKnownFileType = sourcecode.c.objc; path = BridgeNativeNotification.m; sourceTree = "<group>"; };
		C3B1B1AF1B6514FB00705A11 /* notification.js */ = {isa = PBXFileReference; fileEncoding = 4; lastKnownFileType = sourcecode.javascript; path = notification.js; sourceTree = "<group>"; };
		C3C3D2661B611283004B6F77 /* BridgeNativeEcho.h */ = {isa = PBXFileReference; fileEncoding = 4; lastKnownFileType = sourcecode.c.h; path = BridgeNativeEcho.h; sourceTree = "<group>"; };
		C3C3D2671B611283004B6F77 /* BridgeNativeEcho.m */ = {isa = PBXFileReference; fileEncoding = 4; lastKnownFileType = sourcecode.c.objc; path = BridgeNativeEcho.m; sourceTree = "<group>"; };
		C3C3D2691B6115BB004B6F77 /* echo.js */ = {isa = PBXFileReference; fileEncoding = 4; lastKnownFileType = sourcecode.javascript; path = echo.js; sourceTree = "<group>"; };
		C3C3D26B1B6120D0004B6F77 /* message_hub.js */ = {isa = PBXFileReference; fileEncoding = 4; lastKnownFileType = sourcecode.javascript; path = message_hub.js; sourceTree = "<group>"; };
		C3C8B7491B5E13B90022D5CC /* YJWebViewProvider.h */ = {isa = PBXFileReference; lastKnownFileType = sourcecode.c.h; path = YJWebViewProvider.h; sourceTree = "<group>"; };
		C3C8B74A1B5E154D0022D5CC /* YJWebView.h */ = {isa = PBXFileReference; lastKnownFileType = sourcecode.c.h; path = YJWebView.h; sourceTree = "<group>"; };
		C3C8B74B1B5E1A8C0022D5CC /* YJWebViewDelegate.h */ = {isa = PBXFileReference; lastKnownFileType = sourcecode.c.h; path = YJWebViewDelegate.h; sourceTree = "<group>"; };
		C3C8B74E1B5E44560022D5CC /* MessageHubProtocol.h */ = {isa = PBXFileReference; fileEncoding = 4; lastKnownFileType = sourcecode.c.h; path = MessageHubProtocol.h; sourceTree = "<group>"; };
		C3C8B74F1B5E758A0022D5CC /* callback_manager.js */ = {isa = PBXFileReference; fileEncoding = 4; lastKnownFileType = sourcecode.javascript; path = callback_manager.js; sourceTree = "<group>"; };
		C3EB94431B5CF00400F0144B /* YJWebView.app */ = {isa = PBXFileReference; explicitFileType = wrapper.application; includeInIndex = 0; path = YJWebView.app; sourceTree = BUILT_PRODUCTS_DIR; };
		C3EB94471B5CF00400F0144B /* Info.plist */ = {isa = PBXFileReference; lastKnownFileType = text.plist.xml; path = Info.plist; sourceTree = "<group>"; };
		C3EB94481B5CF00400F0144B /* main.m */ = {isa = PBXFileReference; lastKnownFileType = sourcecode.c.objc; path = main.m; sourceTree = "<group>"; };
		C3EB944A1B5CF00400F0144B /* AppDelegate.h */ = {isa = PBXFileReference; lastKnownFileType = sourcecode.c.h; path = AppDelegate.h; sourceTree = "<group>"; };
		C3EB944B1B5CF00400F0144B /* AppDelegate.m */ = {isa = PBXFileReference; lastKnownFileType = sourcecode.c.objc; path = AppDelegate.m; sourceTree = "<group>"; };
		C3EB944D1B5CF00400F0144B /* ViewController.h */ = {isa = PBXFileReference; lastKnownFileType = sourcecode.c.h; path = ViewController.h; sourceTree = "<group>"; };
		C3EB944E1B5CF00400F0144B /* ViewController.m */ = {isa = PBXFileReference; lastKnownFileType = sourcecode.c.objc; path = ViewController.m; sourceTree = "<group>"; };
		C3EB94511B5CF00400F0144B /* Base */ = {isa = PBXFileReference; lastKnownFileType = file.storyboard; name = Base; path = Base.lproj/Main.storyboard; sourceTree = "<group>"; };
		C3EB94531B5CF00400F0144B /* Images.xcassets */ = {isa = PBXFileReference; lastKnownFileType = folder.assetcatalog; path = Images.xcassets; sourceTree = "<group>"; };
		C3EB94561B5CF00400F0144B /* Base */ = {isa = PBXFileReference; lastKnownFileType = file.xib; name = Base; path = Base.lproj/LaunchScreen.xib; sourceTree = "<group>"; };
		C3EB945C1B5CF00400F0144B /* YJWebViewTests.xctest */ = {isa = PBXFileReference; explicitFileType = wrapper.cfbundle; includeInIndex = 0; path = YJWebViewTests.xctest; sourceTree = BUILT_PRODUCTS_DIR; };
		C3EB94611B5CF00400F0144B /* Info.plist */ = {isa = PBXFileReference; lastKnownFileType = text.plist.xml; path = Info.plist; sourceTree = "<group>"; };
		C3EB94621B5CF00400F0144B /* YJWebViewTests.m */ = {isa = PBXFileReference; lastKnownFileType = sourcecode.c.objc; path = YJWebViewTests.m; sourceTree = "<group>"; };
		C3EB946E1B5CF05600F0144B /* JavaScriptCore.framework */ = {isa = PBXFileReference; lastKnownFileType = wrapper.framework; name = JavaScriptCore.framework; path = System/Library/Frameworks/JavaScriptCore.framework; sourceTree = SDKROOT; };
		C3EB94701B5CF05D00F0144B /* WebKit.framework */ = {isa = PBXFileReference; lastKnownFileType = wrapper.framework; name = WebKit.framework; path = System/Library/Frameworks/WebKit.framework; sourceTree = SDKROOT; };
		C3EB94791B5CF12700F0144B /* YJHybridBridge.h */ = {isa = PBXFileReference; fileEncoding = 4; lastKnownFileType = sourcecode.c.h; path = YJHybridBridge.h; sourceTree = "<group>"; };
		C3EB947A1B5CF12700F0144B /* YJHybridBridge.m */ = {isa = PBXFileReference; fileEncoding = 4; lastKnownFileType = sourcecode.c.objc; path = YJHybridBridge.m; sourceTree = "<group>"; };
		C3EB947D1B5CF13800F0144B /* MessageHub.h */ = {isa = PBXFileReference; fileEncoding = 4; lastKnownFileType = sourcecode.c.h; path = MessageHub.h; sourceTree = "<group>"; };
		C3EB947E1B5CF13800F0144B /* MessageHub.m */ = {isa = PBXFileReference; fileEncoding = 4; lastKnownFileType = sourcecode.c.objc; path = MessageHub.m; sourceTree = "<group>"; };
		C3EB94801B5CF14200F0144B /* YJWKWebView.h */ = {isa = PBXFileReference; fileEncoding = 4; lastKnownFileType = sourcecode.c.h; path = YJWKWebView.h; sourceTree = "<group>"; };
		C3EB94811B5CF14200F0144B /* YJWKWebView.m */ = {isa = PBXFileReference; fileEncoding = 4; lastKnownFileType = sourcecode.c.objc; path = YJWKWebView.m; sourceTree = "<group>"; };
		C3EB94831B5CF14A00F0144B /* YJUIWebView.h */ = {isa = PBXFileReference; fileEncoding = 4; lastKnownFileType = sourcecode.c.h; path = YJUIWebView.h; sourceTree = "<group>"; };
		C3EB94841B5CF14A00F0144B /* YJUIWebView.m */ = {isa = PBXFileReference; fileEncoding = 4; lastKnownFileType = sourcecode.c.objc; path = YJUIWebView.m; sourceTree = "<group>"; };
		C3EB94861B5CF16400F0144B /* YJWebViewFactory.h */ = {isa = PBXFileReference; fileEncoding = 4; lastKnownFileType = sourcecode.c.h; path = YJWebViewFactory.h; sourceTree = "<group>"; };
		C3EB94871B5CF16400F0144B /* YJWebViewFactory.m */ = {isa = PBXFileReference; fileEncoding = 4; lastKnownFileType = sourcecode.c.objc; path = YJWebViewFactory.m; sourceTree = "<group>"; };
		C3FC285E1B61EB0600C7E3EB /* BridgeNativeVibrate.h */ = {isa = PBXFileReference; fileEncoding = 4; lastKnownFileType = sourcecode.c.h; path = BridgeNativeVibrate.h; sourceTree = "<group>"; };
		C3FC285F1B61EB0600C7E3EB /* BridgeNativeVibrate.m */ = {isa = PBXFileReference; fileEncoding = 4; lastKnownFileType = sourcecode.c.objc; path = BridgeNativeVibrate.m; sourceTree = "<group>"; };
		C3FC28611B61F31B00C7E3EB /* vibration.js */ = {isa = PBXFileReference; fileEncoding = 4; lastKnownFileType = sourcecode.javascript; path = vibration.js; sourceTree = "<group>"; };
/* End PBXFileReference section */

/* Begin PBXFrameworksBuildPhase section */
		C3EB94401B5CF00400F0144B /* Frameworks */ = {
			isa = PBXFrameworksBuildPhase;
			buildActionMask = 2147483647;
			files = (
				C3EB94741B5CF09C00F0144B /* JavaScriptCore.framework in Frameworks */,
				C3EB94731B5CF09700F0144B /* WebKit.framework in Frameworks */,
			);
			runOnlyForDeploymentPostprocessing = 0;
		};
		C3EB94591B5CF00400F0144B /* Frameworks */ = {
			isa = PBXFrameworksBuildPhase;
			buildActionMask = 2147483647;
			files = (
			);
			runOnlyForDeploymentPostprocessing = 0;
		};
/* End PBXFrameworksBuildPhase section */

/* Begin PBXGroup section */
		C3333E081B5D279900241DAA /* UIWebView+JSContext */ = {
			isa = PBXGroup;
			children = (
				C3333E051B5D279400241DAA /* UIWebView+TS_JavaScriptContext.h */,
				C3333E061B5D279400241DAA /* UIWebView+TS_JavaScriptContext.m */,
			);
			name = "UIWebView+JSContext";
			sourceTree = "<group>";
		};
		C366E9FF1B65E75400EE6D3B /* AGPushNote */ = {
			isa = PBXGroup;
			children = (
				C366E9FA1B65E74F00EE6D3B /* AGPushNoteView.h */,
				C366E9FB1B65E74F00EE6D3B /* AGPushNoteView.m */,
				C366E9FC1B65E74F00EE6D3B /* AGPushNoteView.xib */,
			);
			name = AGPushNote;
			sourceTree = "<group>";
		};
		C3B1B1AB1B6514DA00705A11 /* Notification */ = {
			isa = PBXGroup;
			children = (
				C366E9FF1B65E75400EE6D3B /* AGPushNote */,
				C3B1B1AC1B6514EE00705A11 /* BridgeNativeNotification.h */,
				C3B1B1AD1B6514EE00705A11 /* BridgeNativeNotification.m */,
				C3B1B1AF1B6514FB00705A11 /* notification.js */,
			);
			name = Notification;
			sourceTree = "<group>";
		};
		C3C3D2651B610A51004B6F77 /* InternalNativeObjects */ = {
			isa = PBXGroup;
			children = (
				C3B1B1AB1B6514DA00705A11 /* Notification */,
				C3FC285C1B61E93900C7E3EB /* Vibrate */,
				C3FC285D1B61E94A00C7E3EB /* Echo */,
			);
			name = InternalNativeObjects;
			sourceTree = "<group>";
		};
		C3EB943A1B5CF00400F0144B = {
			isa = PBXGroup;
			children = (
				C3EB94451B5CF00400F0144B /* YJWebView */,
				C3EB945F1B5CF00400F0144B /* YJWebViewTests */,
				C3EB94441B5CF00400F0144B /* Products */,
			);
			sourceTree = "<group>";
		};
		C3EB94441B5CF00400F0144B /* Products */ = {
			isa = PBXGroup;
			children = (
				C3EB94431B5CF00400F0144B /* YJWebView.app */,
				C3EB945C1B5CF00400F0144B /* YJWebViewTests.xctest */,
			);
			name = Products;
			sourceTree = "<group>";
		};
		C3EB94451B5CF00400F0144B /* YJWebView */ = {
			isa = PBXGroup;
			children = (
				C3EB94751B5CF0F800F0144B /* WebView */,
				C3EB944A1B5CF00400F0144B /* AppDelegate.h */,
				C3EB944B1B5CF00400F0144B /* AppDelegate.m */,
				C3EB944D1B5CF00400F0144B /* ViewController.h */,
				C3EB944E1B5CF00400F0144B /* ViewController.m */,
				C3EB94501B5CF00400F0144B /* Main.storyboard */,
				C3EB94531B5CF00400F0144B /* Images.xcassets */,
				C3EB94551B5CF00400F0144B /* LaunchScreen.xib */,
				C3EB94721B5CF06A00F0144B /* Vendors */,
				C3EB94461B5CF00400F0144B /* Supporting Files */,
			);
			path = YJWebView;
			sourceTree = "<group>";
		};
		C3EB94461B5CF00400F0144B /* Supporting Files */ = {
			isa = PBXGroup;
			children = (
				C3EB94471B5CF00400F0144B /* Info.plist */,
				C3EB94481B5CF00400F0144B /* main.m */,
			);
			name = "Supporting Files";
			sourceTree = "<group>";
		};
		C3EB945F1B5CF00400F0144B /* YJWebViewTests */ = {
			isa = PBXGroup;
			children = (
				C3EB94621B5CF00400F0144B /* YJWebViewTests.m */,
				C3EB94601B5CF00400F0144B /* Supporting Files */,
			);
			path = YJWebViewTests;
			sourceTree = "<group>";
		};
		C3EB94601B5CF00400F0144B /* Supporting Files */ = {
			isa = PBXGroup;
			children = (
				C3EB94611B5CF00400F0144B /* Info.plist */,
			);
			name = "Supporting Files";
			sourceTree = "<group>";
		};
		C3EB94721B5CF06A00F0144B /* Vendors */ = {
			isa = PBXGroup;
			children = (
				C3EB94701B5CF05D00F0144B /* WebKit.framework */,
				C3EB946E1B5CF05600F0144B /* JavaScriptCore.framework */,
			);
			name = Vendors;
			sourceTree = "<group>";
		};
		C3EB94751B5CF0F800F0144B /* WebView */ = {
			isa = PBXGroup;
			children = (
				C3C8B74A1B5E154D0022D5CC /* YJWebView.h */,
				C3C8B7491B5E13B90022D5CC /* YJWebViewProvider.h */,
				C3C8B74B1B5E1A8C0022D5CC /* YJWebViewDelegate.h */,
				C3EB94861B5CF16400F0144B /* YJWebViewFactory.h */,
				C3EB94871B5CF16400F0144B /* YJWebViewFactory.m */,
				C3EB94781B5CF11700F0144B /* YJHybridBridge */,
				C3EB94771B5CF10A00F0144B /* WKWebView */,
				C3EB94761B5CF10000F0144B /* UIWebView */,
			);
			name = WebView;
			sourceTree = "<group>";
		};
		C3EB94761B5CF10000F0144B /* UIWebView */ = {
			isa = PBXGroup;
			children = (
				C3333E081B5D279900241DAA /* UIWebView+JSContext */,
				C3EB94831B5CF14A00F0144B /* YJUIWebView.h */,
				C3EB94841B5CF14A00F0144B /* YJUIWebView.m */,
			);
			name = UIWebView;
			sourceTree = "<group>";
		};
		C3EB94771B5CF10A00F0144B /* WKWebView */ = {
			isa = PBXGroup;
			children = (
				C3EB94801B5CF14200F0144B /* YJWKWebView.h */,
				C3EB94811B5CF14200F0144B /* YJWKWebView.m */,
			);
			name = WKWebView;
			sourceTree = "<group>";
		};
		C3EB94781B5CF11700F0144B /* YJHybridBridge */ = {
			isa = PBXGroup;
			children = (
				C3C3D2651B610A51004B6F77 /* InternalNativeObjects */,
				C3EB947C1B5CF12C00F0144B /* MessageHub */,
				C3EB94791B5CF12700F0144B /* YJHybridBridge.h */,
				C3EB947A1B5CF12700F0144B /* YJHybridBridge.m */,
				C366EA001B65E84E00EE6D3B /* YJBridgeNative.h */,
			);
			name = YJHybridBridge;
			sourceTree = "<group>";
		};
		C3EB947C1B5CF12C00F0144B /* MessageHub */ = {
			isa = PBXGroup;
			children = (
				C3C8B74E1B5E44560022D5CC /* MessageHubProtocol.h */,
				C3EB947D1B5CF13800F0144B /* MessageHub.h */,
				C3EB947E1B5CF13800F0144B /* MessageHub.m */,
				C3C3D26B1B6120D0004B6F77 /* message_hub.js */,
				C3C8B74F1B5E758A0022D5CC /* callback_manager.js */,
			);
			name = MessageHub;
			sourceTree = "<group>";
		};
		C3FC285C1B61E93900C7E3EB /* Vibrate */ = {
			isa = PBXGroup;
			children = (
				C3FC285E1B61EB0600C7E3EB /* BridgeNativeVibrate.h */,
				C3FC285F1B61EB0600C7E3EB /* BridgeNativeVibrate.m */,
				C3FC28611B61F31B00C7E3EB /* vibration.js */,
			);
			name = Vibrate;
			sourceTree = "<group>";
		};
		C3FC285D1B61E94A00C7E3EB /* Echo */ = {
			isa = PBXGroup;
			children = (
				C3C3D2661B611283004B6F77 /* BridgeNativeEcho.h */,
				C3C3D2671B611283004B6F77 /* BridgeNativeEcho.m */,
				C3C3D2691B6115BB004B6F77 /* echo.js */,
			);
			name = Echo;
			sourceTree = "<group>";
		};
/* End PBXGroup section */

/* Begin PBXNativeTarget section */
		C3EB94421B5CF00400F0144B /* YJWebView */ = {
			isa = PBXNativeTarget;
			buildConfigurationList = C3EB94661B5CF00400F0144B /* Build configuration list for PBXNativeTarget "YJWebView" */;
			buildPhases = (
				C3EB943F1B5CF00400F0144B /* Sources */,
				C3EB94401B5CF00400F0144B /* Frameworks */,
				C3EB94411B5CF00400F0144B /* Resources */,
			);
			buildRules = (
			);
			dependencies = (
			);
			name = YJWebView;
			productName = YJWebView;
			productReference = C3EB94431B5CF00400F0144B /* YJWebView.app */;
			productType = "com.apple.product-type.application";
		};
		C3EB945B1B5CF00400F0144B /* YJWebViewTests */ = {
			isa = PBXNativeTarget;
			buildConfigurationList = C3EB94691B5CF00400F0144B /* Build configuration list for PBXNativeTarget "YJWebViewTests" */;
			buildPhases = (
				C3EB94581B5CF00400F0144B /* Sources */,
				C3EB94591B5CF00400F0144B /* Frameworks */,
				C3EB945A1B5CF00400F0144B /* Resources */,
			);
			buildRules = (
			);
			dependencies = (
				C3EB945E1B5CF00400F0144B /* PBXTargetDependency */,
			);
			name = YJWebViewTests;
			productName = YJWebViewTests;
			productReference = C3EB945C1B5CF00400F0144B /* YJWebViewTests.xctest */;
			productType = "com.apple.product-type.bundle.unit-test";
		};
/* End PBXNativeTarget section */

/* Begin PBXProject section */
		C3EB943B1B5CF00400F0144B /* Project object */ = {
			isa = PBXProject;
			attributes = {
				LastUpgradeCheck = 0630;
				ORGANIZATIONNAME = "Tinydust Technonogy Ltd.";
				TargetAttributes = {
					C3EB94421B5CF00400F0144B = {
						CreatedOnToolsVersion = 6.3.2;
					};
					C3EB945B1B5CF00400F0144B = {
						CreatedOnToolsVersion = 6.3.2;
						TestTargetID = C3EB94421B5CF00400F0144B;
					};
				};
			};
			buildConfigurationList = C3EB943E1B5CF00400F0144B /* Build configuration list for PBXProject "YJWebView" */;
			compatibilityVersion = "Xcode 3.2";
			developmentRegion = English;
			hasScannedForEncodings = 0;
			knownRegions = (
				en,
				Base,
			);
			mainGroup = C3EB943A1B5CF00400F0144B;
			productRefGroup = C3EB94441B5CF00400F0144B /* Products */;
			projectDirPath = "";
			projectRoot = "";
			targets = (
				C3EB94421B5CF00400F0144B /* YJWebView */,
				C3EB945B1B5CF00400F0144B /* YJWebViewTests */,
			);
		};
/* End PBXProject section */

/* Begin PBXResourcesBuildPhase section */
		C3EB94411B5CF00400F0144B /* Resources */ = {
			isa = PBXResourcesBuildPhase;
			buildActionMask = 2147483647;
			files = (
				C366E9FE1B65E74F00EE6D3B /* AGPushNoteView.xib in Resources */,
				C3C3D26C1B6120D0004B6F77 /* message_hub.js in Resources */,
				C3B1B1B01B6514FB00705A11 /* notification.js in Resources */,
				C3C8B7501B5E758A0022D5CC /* callback_manager.js in Resources */,
				C3EB94521B5CF00400F0144B /* Main.storyboard in Resources */,
				C3C3D26A1B6115BB004B6F77 /* echo.js in Resources */,
				C3EB94571B5CF00400F0144B /* LaunchScreen.xib in Resources */,
				C3FC28621B61F31B00C7E3EB /* vibration.js in Resources */,
				C3EB94541B5CF00400F0144B /* Images.xcassets in Resources */,
			);
			runOnlyForDeploymentPostprocessing = 0;
		};
		C3EB945A1B5CF00400F0144B /* Resources */ = {
			isa = PBXResourcesBuildPhase;
			buildActionMask = 2147483647;
			files = (
			);
			runOnlyForDeploymentPostprocessing = 0;
		};
/* End PBXResourcesBuildPhase section */

/* Begin PBXSourcesBuildPhase section */
		C3EB943F1B5CF00400F0144B /* Sources */ = {
			isa = PBXSourcesBuildPhase;
			buildActionMask = 2147483647;
			files = (
				C3333E071B5D279400241DAA /* UIWebView+TS_JavaScriptContext.m in Sources */,
				C3EB94821B5CF14200F0144B /* YJWKWebView.m in Sources */,
				C3EB944F1B5CF00400F0144B /* ViewController.m in Sources */,
				C3EB94881B5CF16400F0144B /* YJWebViewFactory.m in Sources */,
				C3EB947B1B5CF12700F0144B /* YJHybridBridge.m in Sources */,
				C366E9FD1B65E74F00EE6D3B /* AGPushNoteView.m in Sources */,
				C3EB947F1B5CF13800F0144B /* MessageHub.m in Sources */,
				C3C3D2681B611283004B6F77 /* BridgeNativeEcho.m in Sources */,
				C3EB944C1B5CF00400F0144B /* AppDelegate.m in Sources */,
				C3B1B1AE1B6514EE00705A11 /* BridgeNativeNotification.m in Sources */,
				C3FC28601B61EB0600C7E3EB /* BridgeNativeVibrate.m in Sources */,
				C3EB94851B5CF14A00F0144B /* YJUIWebView.m in Sources */,
				C3EB94491B5CF00400F0144B /* main.m in Sources */,
			);
			runOnlyForDeploymentPostprocessing = 0;
		};
		C3EB94581B5CF00400F0144B /* Sources */ = {
			isa = PBXSourcesBuildPhase;
			buildActionMask = 2147483647;
			files = (
				C3EB94631B5CF00400F0144B /* YJWebViewTests.m in Sources */,
			);
			runOnlyForDeploymentPostprocessing = 0;
		};
/* End PBXSourcesBuildPhase section */

/* Begin PBXTargetDependency section */
		C3EB945E1B5CF00400F0144B /* PBXTargetDependency */ = {
			isa = PBXTargetDependency;
			target = C3EB94421B5CF00400F0144B /* YJWebView */;
			targetProxy = C3EB945D1B5CF00400F0144B /* PBXContainerItemProxy */;
		};
/* End PBXTargetDependency section */

/* Begin PBXVariantGroup section */
		C3EB94501B5CF00400F0144B /* Main.storyboard */ = {
			isa = PBXVariantGroup;
			children = (
				C3EB94511B5CF00400F0144B /* Base */,
			);
			name = Main.storyboard;
			sourceTree = "<group>";
		};
		C3EB94551B5CF00400F0144B /* LaunchScreen.xib */ = {
			isa = PBXVariantGroup;
			children = (
				C3EB94561B5CF00400F0144B /* Base */,
			);
			name = LaunchScreen.xib;
			sourceTree = "<group>";
		};
/* End PBXVariantGroup section */

/* Begin XCBuildConfiguration section */
		C3EB94641B5CF00400F0144B /* Debug */ = {
			isa = XCBuildConfiguration;
			buildSettings = {
				ALWAYS_SEARCH_USER_PATHS = NO;
				CLANG_CXX_LANGUAGE_STANDARD = "gnu++0x";
				CLANG_CXX_LIBRARY = "libc++";
				CLANG_ENABLE_MODULES = YES;
				CLANG_ENABLE_OBJC_ARC = YES;
				CLANG_WARN_BOOL_CONVERSION = YES;
				CLANG_WARN_CONSTANT_CONVERSION = YES;
				CLANG_WARN_DIRECT_OBJC_ISA_USAGE = YES_ERROR;
				CLANG_WARN_EMPTY_BODY = YES;
				CLANG_WARN_ENUM_CONVERSION = YES;
				CLANG_WARN_INT_CONVERSION = YES;
				CLANG_WARN_OBJC_ROOT_CLASS = YES_ERROR;
				CLANG_WARN_UNREACHABLE_CODE = YES;
				CLANG_WARN__DUPLICATE_METHOD_MATCH = YES;
				"CODE_SIGN_IDENTITY[sdk=iphoneos*]" = "iPhone Developer";
				COPY_PHASE_STRIP = NO;
				DEBUG_INFORMATION_FORMAT = "dwarf-with-dsym";
				ENABLE_STRICT_OBJC_MSGSEND = YES;
				GCC_C_LANGUAGE_STANDARD = gnu99;
				GCC_DYNAMIC_NO_PIC = NO;
				GCC_NO_COMMON_BLOCKS = YES;
				GCC_OPTIMIZATION_LEVEL = 0;
				GCC_PREPROCESSOR_DEFINITIONS = (
					"DEBUG=1",
					"$(inherited)",
				);
				GCC_SYMBOLS_PRIVATE_EXTERN = NO;
				GCC_WARN_64_TO_32_BIT_CONVERSION = YES;
				GCC_WARN_ABOUT_RETURN_TYPE = YES_ERROR;
				GCC_WARN_UNDECLARED_SELECTOR = YES;
				GCC_WARN_UNINITIALIZED_AUTOS = YES_AGGRESSIVE;
				GCC_WARN_UNUSED_FUNCTION = YES;
				GCC_WARN_UNUSED_VARIABLE = YES;
				IPHONEOS_DEPLOYMENT_TARGET = 8.3;
				MTL_ENABLE_DEBUG_INFO = YES;
				ONLY_ACTIVE_ARCH = YES;
				SDKROOT = iphoneos;
				TARGETED_DEVICE_FAMILY = "1,2";
			};
			name = Debug;
		};
		C3EB94651B5CF00400F0144B /* Release */ = {
			isa = XCBuildConfiguration;
			buildSettings = {
				ALWAYS_SEARCH_USER_PATHS = NO;
				CLANG_CXX_LANGUAGE_STANDARD = "gnu++0x";
				CLANG_CXX_LIBRARY = "libc++";
				CLANG_ENABLE_MODULES = YES;
				CLANG_ENABLE_OBJC_ARC = YES;
				CLANG_WARN_BOOL_CONVERSION = YES;
				CLANG_WARN_CONSTANT_CONVERSION = YES;
				CLANG_WARN_DIRECT_OBJC_ISA_USAGE = YES_ERROR;
				CLANG_WARN_EMPTY_BODY = YES;
				CLANG_WARN_ENUM_CONVERSION = YES;
				CLANG_WARN_INT_CONVERSION = YES;
				CLANG_WARN_OBJC_ROOT_CLASS = YES_ERROR;
				CLANG_WARN_UNREACHABLE_CODE = YES;
				CLANG_WARN__DUPLICATE_METHOD_MATCH = YES;
				"CODE_SIGN_IDENTITY[sdk=iphoneos*]" = "iPhone Developer";
				COPY_PHASE_STRIP = NO;
				DEBUG_INFORMATION_FORMAT = "dwarf-with-dsym";
				ENABLE_NS_ASSERTIONS = NO;
				ENABLE_STRICT_OBJC_MSGSEND = YES;
				GCC_C_LANGUAGE_STANDARD = gnu99;
				GCC_NO_COMMON_BLOCKS = YES;
				GCC_WARN_64_TO_32_BIT_CONVERSION = YES;
				GCC_WARN_ABOUT_RETURN_TYPE = YES_ERROR;
				GCC_WARN_UNDECLARED_SELECTOR = YES;
				GCC_WARN_UNINITIALIZED_AUTOS = YES_AGGRESSIVE;
				GCC_WARN_UNUSED_FUNCTION = YES;
				GCC_WARN_UNUSED_VARIABLE = YES;
				IPHONEOS_DEPLOYMENT_TARGET = 8.3;
				MTL_ENABLE_DEBUG_INFO = NO;
				SDKROOT = iphoneos;
				TARGETED_DEVICE_FAMILY = "1,2";
				VALIDATE_PRODUCT = YES;
			};
			name = Release;
		};
		C3EB94671B5CF00400F0144B /* Debug */ = {
			isa = XCBuildConfiguration;
			buildSettings = {
				ASSETCATALOG_COMPILER_APPICON_NAME = AppIcon;
				ASSETCATALOG_COMPILER_LAUNCHIMAGE_NAME = LaunchImage;
				INFOPLIST_FILE = YJWebView/Info.plist;
				IPHONEOS_DEPLOYMENT_TARGET = 7.0;
				LD_RUNPATH_SEARCH_PATHS = "$(inherited) @executable_path/Frameworks";
				PRODUCT_NAME = "$(TARGET_NAME)";
			};
			name = Debug;
		};
		C3EB94681B5CF00400F0144B /* Release */ = {
			isa = XCBuildConfiguration;
			buildSettings = {
				ASSETCATALOG_COMPILER_APPICON_NAME = AppIcon;
				ASSETCATALOG_COMPILER_LAUNCHIMAGE_NAME = LaunchImage;
				INFOPLIST_FILE = YJWebView/Info.plist;
				IPHONEOS_DEPLOYMENT_TARGET = 7.0;
				LD_RUNPATH_SEARCH_PATHS = "$(inherited) @executable_path/Frameworks";
				PRODUCT_NAME = "$(TARGET_NAME)";
			};
			name = Release;
		};
		C3EB946A1B5CF00400F0144B /* Debug */ = {
			isa = XCBuildConfiguration;
			buildSettings = {
				BUNDLE_LOADER = "$(TEST_HOST)";
				FRAMEWORK_SEARCH_PATHS = (
					"$(SDKROOT)/Developer/Library/Frameworks",
					"$(inherited)",
				);
				GCC_PREPROCESSOR_DEFINITIONS = (
					"DEBUG=1",
					"$(inherited)",
				);
				INFOPLIST_FILE = YJWebViewTests/Info.plist;
				LD_RUNPATH_SEARCH_PATHS = "$(inherited) @executable_path/Frameworks @loader_path/Frameworks";
				PRODUCT_NAME = "$(TARGET_NAME)";
				TEST_HOST = "$(BUILT_PRODUCTS_DIR)/YJWebView.app/YJWebView";
			};
			name = Debug;
		};
		C3EB946B1B5CF00400F0144B /* Release */ = {
			isa = XCBuildConfiguration;
			buildSettings = {
				BUNDLE_LOADER = "$(TEST_HOST)";
				FRAMEWORK_SEARCH_PATHS = (
					"$(SDKROOT)/Developer/Library/Frameworks",
					"$(inherited)",
				);
				INFOPLIST_FILE = YJWebViewTests/Info.plist;
				LD_RUNPATH_SEARCH_PATHS = "$(inherited) @executable_path/Frameworks @loader_path/Frameworks";
				PRODUCT_NAME = "$(TARGET_NAME)";
				TEST_HOST = "$(BUILT_PRODUCTS_DIR)/YJWebView.app/YJWebView";
			};
			name = Release;
		};
/* End XCBuildConfiguration section */

/* Begin XCConfigurationList section */
		C3EB943E1B5CF00400F0144B /* Build configuration list for PBXProject "YJWebView" */ = {
			isa = XCConfigurationList;
			buildConfigurations = (
				C3EB94641B5CF00400F0144B /* Debug */,
				C3EB94651B5CF00400F0144B /* Release */,
			);
			defaultConfigurationIsVisible = 0;
			defaultConfigurationName = Release;
		};
		C3EB94661B5CF00400F0144B /* Build configuration list for PBXNativeTarget "YJWebView" */ = {
			isa = XCConfigurationList;
			buildConfigurations = (
				C3EB94671B5CF00400F0144B /* Debug */,
				C3EB94681B5CF00400F0144B /* Release */,
			);
			defaultConfigurationIsVisible = 0;
			defaultConfigurationName = Release;
		};
		C3EB94691B5CF00400F0144B /* Build configuration list for PBXNativeTarget "YJWebViewTests" */ = {
			isa = XCConfigurationList;
			buildConfigurations = (
				C3EB946A1B5CF00400F0144B /* Debug */,
				C3EB946B1B5CF00400F0144B /* Release */,
			);
			defaultConfigurationIsVisible = 0;
			defaultConfigurationName = Release;
		};
/* End XCConfigurationList section */
	};
	rootObject = C3EB943B1B5CF00400F0144B /* Project object */;
}
