// !$*UTF8*$!
{
	archiveVersion = 1;
	classes = {
	};
	objectVersion = 46;
	objects = {

/* Begin PBXBuildFile section */
		C33C5D391B998B580046FFE2 /* detector.js in Resources */ = {isa = PBXBuildFile; fileRef = C33C5D381B998B580046FFE2 /* detector.js */; };
		C33C5D3C1B998B750046FFE2 /* BridgeNativeDetector.m in Sources */ = {isa = PBXBuildFile; fileRef = C33C5D3B1B998B750046FFE2 /* BridgeNativeDetector.m */; };
		C3412E041B7B285400A05E45 /* es6promise.js in Resources */ = {isa = PBXBuildFile; fileRef = C3412E031B7B285400A05E45 /* es6promise.js */; };
		C3726FB01B85AC00007F267A /* Localizable.strings in Resources */ = {isa = PBXBuildFile; fileRef = C3726FB21B85AC00007F267A /* Localizable.strings */; };
		C3726FB91B85AF47007F267A /* Main.storyboard in Resources */ = {isa = PBXBuildFile; fileRef = C3726FB71B85AF47007F267A /* Main.storyboard */; };
		C39830E71B7B1A42001AF64B /* YJHybridBridge.m in Sources */ = {isa = PBXBuildFile; fileRef = C39830E61B7B1A42001AF64B /* YJHybridBridge.m */; };
		C39830EB1B7B1A60001AF64B /* MessageHub.m in Sources */ = {isa = PBXBuildFile; fileRef = C39830E91B7B1A60001AF64B /* MessageHub.m */; };
		C39830F01B7B1AB9001AF64B /* UIWebView+TS_JavaScriptContext.m in Sources */ = {isa = PBXBuildFile; fileRef = C39830EE1B7B1AB9001AF64B /* UIWebView+TS_JavaScriptContext.m */; };
		C39830F31B7B1ADB001AF64B /* YJWKWebView.m in Sources */ = {isa = PBXBuildFile; fileRef = C39830F21B7B1ADB001AF64B /* YJWKWebView.m */; };
		C39830F61B7B1AF3001AF64B /* YJUIWebView.m in Sources */ = {isa = PBXBuildFile; fileRef = C39830F51B7B1AF3001AF64B /* YJUIWebView.m */; };
		C39830FC1B7B1B1B001AF64B /* YJWebViewFactory.m in Sources */ = {isa = PBXBuildFile; fileRef = C39830FA1B7B1B1B001AF64B /* YJWebViewFactory.m */; };
		C39830FF1B7B1BAA001AF64B /* BridgeNativeScreenOrientation.m in Sources */ = {isa = PBXBuildFile; fileRef = C39830FE1B7B1BAA001AF64B /* BridgeNativeScreenOrientation.m */; };
		C39831021B7B1BC3001AF64B /* BridgeNativeNotification.m in Sources */ = {isa = PBXBuildFile; fileRef = C39831011B7B1BC3001AF64B /* BridgeNativeNotification.m */; };
		C39831051B7B1BD4001AF64B /* AGPushNoteView.m in Sources */ = {isa = PBXBuildFile; fileRef = C39831041B7B1BD4001AF64B /* AGPushNoteView.m */; };
		C39831081B7B1BEA001AF64B /* BridgeNativeVibrate.m in Sources */ = {isa = PBXBuildFile; fileRef = C39831071B7B1BEA001AF64B /* BridgeNativeVibrate.m */; };
		C398310B1B7B1BFC001AF64B /* BridgeNativeEcho.m in Sources */ = {isa = PBXBuildFile; fileRef = C398310A1B7B1BFC001AF64B /* BridgeNativeEcho.m */; };
		C398310D1B7B1C3B001AF64B /* screenorientation.js in Resources */ = {isa = PBXBuildFile; fileRef = C398310C1B7B1C3B001AF64B /* screenorientation.js */; };
		C398310F1B7B1C43001AF64B /* notification.js in Resources */ = {isa = PBXBuildFile; fileRef = C398310E1B7B1C43001AF64B /* notification.js */; };
		C39831111B7B1C4E001AF64B /* AGPushNoteView.xib in Resources */ = {isa = PBXBuildFile; fileRef = C39831101B7B1C4E001AF64B /* AGPushNoteView.xib */; };
		C39831131B7B1C58001AF64B /* vibration.js in Resources */ = {isa = PBXBuildFile; fileRef = C39831121B7B1C58001AF64B /* vibration.js */; };
		C39831151B7B1C60001AF64B /* echo.js in Resources */ = {isa = PBXBuildFile; fileRef = C39831141B7B1C60001AF64B /* echo.js */; };
		C39831181B7B1C6C001AF64B /* callback_manager.js in Resources */ = {isa = PBXBuildFile; fileRef = C39831161B7B1C6C001AF64B /* callback_manager.js */; };
		C39831191B7B1C6C001AF64B /* message_hub.js in Resources */ = {isa = PBXBuildFile; fileRef = C39831171B7B1C6C001AF64B /* message_hub.js */; };
		C3D212AB1BA02E0E007CB79E /* YJProcessPool.m in Sources */ = {isa = PBXBuildFile; fileRef = C3D212AA1BA02E0E007CB79E /* YJProcessPool.m */; };
		C3EB94491B5CF00400F0144B /* main.m in Sources */ = {isa = PBXBuildFile; fileRef = C3EB94481B5CF00400F0144B /* main.m */; };
		C3EB944C1B5CF00400F0144B /* AppDelegate.m in Sources */ = {isa = PBXBuildFile; fileRef = C3EB944B1B5CF00400F0144B /* AppDelegate.m */; };
		C3EB944F1B5CF00400F0144B /* ViewController.m in Sources */ = {isa = PBXBuildFile; fileRef = C3EB944E1B5CF00400F0144B /* ViewController.m */; };
		C3EB94541B5CF00400F0144B /* Images.xcassets in Resources */ = {isa = PBXBuildFile; fileRef = C3EB94531B5CF00400F0144B /* Images.xcassets */; };
		C3EB94571B5CF00400F0144B /* LaunchScreen.xib in Resources */ = {isa = PBXBuildFile; fileRef = C3EB94551B5CF00400F0144B /* LaunchScreen.xib */; };
		C3EB94631B5CF00400F0144B /* YJWebViewTests.m in Sources */ = {isa = PBXBuildFile; fileRef = C3EB94621B5CF00400F0144B /* YJWebViewTests.m */; };
		C3EB94731B5CF09700F0144B /* WebKit.framework in Frameworks */ = {isa = PBXBuildFile; fileRef = C3EB94701B5CF05D00F0144B /* WebKit.framework */; };
		C3EB94741B5CF09C00F0144B /* JavaScriptCore.framework in Frameworks */ = {isa = PBXBuildFile; fileRef = C3EB946E1B5CF05600F0144B /* JavaScriptCore.framework */; };
		C3ED39911BA13C6500B47569 /* UIWebView+AFFNetworking.m in Sources */ = {isa = PBXBuildFile; fileRef = C3ED39801BA13C6500B47569 /* UIWebView+AFFNetworking.m */; };
		C3ED39A61BA13E9300B47569 /* AFFHTTPRequestOperation.m in Sources */ = {isa = PBXBuildFile; fileRef = C3ED39941BA13E9300B47569 /* AFFHTTPRequestOperation.m */; };
		C3ED39A71BA13E9300B47569 /* AFFHTTPRequestOperationManager.m in Sources */ = {isa = PBXBuildFile; fileRef = C3ED39961BA13E9300B47569 /* AFFHTTPRequestOperationManager.m */; };
		C3ED39A81BA13E9300B47569 /* AFFHTTPSessionManager.m in Sources */ = {isa = PBXBuildFile; fileRef = C3ED39981BA13E9300B47569 /* AFFHTTPSessionManager.m */; };
		C3ED39A91BA13E9300B47569 /* AFFNetworkReachabilityManager.m in Sources */ = {isa = PBXBuildFile; fileRef = C3ED399B1BA13E9300B47569 /* AFFNetworkReachabilityManager.m */; };
		C3ED39AA1BA13E9300B47569 /* AFFSecurityPolicy.m in Sources */ = {isa = PBXBuildFile; fileRef = C3ED399D1BA13E9300B47569 /* AFFSecurityPolicy.m */; };
		C3ED39AB1BA13E9300B47569 /* AFFURLConnectionOperation.m in Sources */ = {isa = PBXBuildFile; fileRef = C3ED399F1BA13E9300B47569 /* AFFURLConnectionOperation.m */; };
		C3ED39AC1BA13E9300B47569 /* AFFURLRequestSerialization.m in Sources */ = {isa = PBXBuildFile; fileRef = C3ED39A11BA13E9300B47569 /* AFFURLRequestSerialization.m */; };
		C3ED39AD1BA13E9300B47569 /* AFFURLResponseSerialization.m in Sources */ = {isa = PBXBuildFile; fileRef = C3ED39A31BA13E9300B47569 /* AFFURLResponseSerialization.m */; };
		C3ED39AE1BA13E9300B47569 /* AFFURLSessionManager.m in Sources */ = {isa = PBXBuildFile; fileRef = C3ED39A51BA13E9300B47569 /* AFFURLSessionManager.m */; };
		C3EE4D011B9C41280061B233 /* AudioToolbox.framework in Frameworks */ = {isa = PBXBuildFile; fileRef = C3EE4CFF1B9C411B0061B233 /* AudioToolbox.framework */; };
/* End PBXBuildFile section */

/* Begin PBXContainerItemProxy section */
		C3EB945D1B5CF00400F0144B /* PBXContainerItemProxy */ = {
			isa = PBXContainerItemProxy;
			containerPortal = C3EB943B1B5CF00400F0144B /* Project object */;
			proxyType = 1;
			remoteGlobalIDString = C3EB94421B5CF00400F0144B;
			remoteInfo = YJWebView;
		};
/* End PBXContainerItemProxy section */

/* Begin PBXFileReference section */
		C33C5D381B998B580046FFE2 /* detector.js */ = {isa = PBXFileReference; fileEncoding = 4; lastKnownFileType = sourcecode.javascript; name = detector.js; path = Resources/detector.js; sourceTree = SOURCE_ROOT; };
		C33C5D3A1B998B750046FFE2 /* BridgeNativeDetector.h */ = {isa = PBXFileReference; fileEncoding = 4; lastKnownFileType = sourcecode.c.h; name = BridgeNativeDetector.h; path = Classes/BridgeNativeDetector.h; sourceTree = SOURCE_ROOT; };
		C33C5D3B1B998B750046FFE2 /* BridgeNativeDetector.m */ = {isa = PBXFileReference; fileEncoding = 4; lastKnownFileType = sourcecode.c.objc; name = BridgeNativeDetector.m; path = Classes/BridgeNativeDetector.m; sourceTree = SOURCE_ROOT; };
		C3412E031B7B285400A05E45 /* es6promise.js */ = {isa = PBXFileReference; fileEncoding = 4; lastKnownFileType = sourcecode.javascript; name = es6promise.js; path = Resources/es6promise.js; sourceTree = SOURCE_ROOT; };
		C3726FB11B85AC00007F267A /* Base */ = {isa = PBXFileReference; lastKnownFileType = text.plist.strings; name = Base; path = Base.lproj/Localizable.strings; sourceTree = "<group>"; };
		C3726FB81B85AF47007F267A /* Base */ = {isa = PBXFileReference; lastKnownFileType = file.storyboard; name = Base; path = Base.lproj/Main.storyboard; sourceTree = "<group>"; };
		C39830E51B7B1A42001AF64B /* YJHybridBridge.h */ = {isa = PBXFileReference; fileEncoding = 4; lastKnownFileType = sourcecode.c.h; name = YJHybridBridge.h; path = Classes/YJHybridBridge.h; sourceTree = SOURCE_ROOT; };
		C39830E61B7B1A42001AF64B /* YJHybridBridge.m */ = {isa = PBXFileReference; fileEncoding = 4; lastKnownFileType = sourcecode.c.objc; name = YJHybridBridge.m; path = Classes/YJHybridBridge.m; sourceTree = SOURCE_ROOT; };
		C39830E81B7B1A60001AF64B /* MessageHub.h */ = {isa = PBXFileReference; fileEncoding = 4; lastKnownFileType = sourcecode.c.h; name = MessageHub.h; path = Classes/MessageHub.h; sourceTree = SOURCE_ROOT; };
		C39830E91B7B1A60001AF64B /* MessageHub.m */ = {isa = PBXFileReference; fileEncoding = 4; lastKnownFileType = sourcecode.c.objc; name = MessageHub.m; path = Classes/MessageHub.m; sourceTree = SOURCE_ROOT; };
		C39830EA1B7B1A60001AF64B /* MessageHubProtocol.h */ = {isa = PBXFileReference; fileEncoding = 4; lastKnownFileType = sourcecode.c.h; name = MessageHubProtocol.h; path = Classes/MessageHubProtocol.h; sourceTree = SOURCE_ROOT; };
		C39830EC1B7B1A82001AF64B /* YJBridgeNative.h */ = {isa = PBXFileReference; lastKnownFileType = sourcecode.c.h; name = YJBridgeNative.h; path = Classes/YJBridgeNative.h; sourceTree = SOURCE_ROOT; };
		C39830ED1B7B1AB9001AF64B /* UIWebView+TS_JavaScriptContext.h */ = {isa = PBXFileReference; fileEncoding = 4; lastKnownFileType = sourcecode.c.h; name = "UIWebView+TS_JavaScriptContext.h"; path = "Classes/UIWebView+TS_JavaScriptContext.h"; sourceTree = SOURCE_ROOT; };
		C39830EE1B7B1AB9001AF64B /* UIWebView+TS_JavaScriptContext.m */ = {isa = PBXFileReference; fileEncoding = 4; lastKnownFileType = sourcecode.c.objc; name = "UIWebView+TS_JavaScriptContext.m"; path = "Classes/UIWebView+TS_JavaScriptContext.m"; sourceTree = SOURCE_ROOT; };
		C39830F11B7B1ADB001AF64B /* YJWKWebView.h */ = {isa = PBXFileReference; fileEncoding = 4; lastKnownFileType = sourcecode.c.h; name = YJWKWebView.h; path = Classes/YJWKWebView.h; sourceTree = SOURCE_ROOT; };
		C39830F21B7B1ADB001AF64B /* YJWKWebView.m */ = {isa = PBXFileReference; fileEncoding = 4; lastKnownFileType = sourcecode.c.objc; name = YJWKWebView.m; path = Classes/YJWKWebView.m; sourceTree = SOURCE_ROOT; };
		C39830F41B7B1AF3001AF64B /* YJUIWebView.h */ = {isa = PBXFileReference; fileEncoding = 4; lastKnownFileType = sourcecode.c.h; name = YJUIWebView.h; path = Classes/YJUIWebView.h; sourceTree = SOURCE_ROOT; };
		C39830F51B7B1AF3001AF64B /* YJUIWebView.m */ = {isa = PBXFileReference; fileEncoding = 4; lastKnownFileType = sourcecode.c.objc; name = YJUIWebView.m; path = Classes/YJUIWebView.m; sourceTree = SOURCE_ROOT; };
		C39830F71B7B1B1B001AF64B /* YJWebView.h */ = {isa = PBXFileReference; fileEncoding = 4; lastKnownFileType = sourcecode.c.h; name = YJWebView.h; path = Classes/YJWebView.h; sourceTree = SOURCE_ROOT; };
		C39830F81B7B1B1B001AF64B /* YJWebViewDelegate.h */ = {isa = PBXFileReference; fileEncoding = 4; lastKnownFileType = sourcecode.c.h; name = YJWebViewDelegate.h; path = Classes/YJWebViewDelegate.h; sourceTree = SOURCE_ROOT; };
		C39830F91B7B1B1B001AF64B /* YJWebViewFactory.h */ = {isa = PBXFileReference; fileEncoding = 4; lastKnownFileType = sourcecode.c.h; name = YJWebViewFactory.h; path = Classes/YJWebViewFactory.h; sourceTree = SOURCE_ROOT; };
		C39830FA1B7B1B1B001AF64B /* YJWebViewFactory.m */ = {isa = PBXFileReference; fileEncoding = 4; lastKnownFileType = sourcecode.c.objc; name = YJWebViewFactory.m; path = Classes/YJWebViewFactory.m; sourceTree = SOURCE_ROOT; };
		C39830FB1B7B1B1B001AF64B /* YJWebViewProvider.h */ = {isa = PBXFileReference; fileEncoding = 4; lastKnownFileType = sourcecode.c.h; name = YJWebViewProvider.h; path = Classes/YJWebViewProvider.h; sourceTree = SOURCE_ROOT; };
		C39830FD1B7B1BAA001AF64B /* BridgeNativeScreenOrientation.h */ = {isa = PBXFileReference; fileEncoding = 4; lastKnownFileType = sourcecode.c.h; name = BridgeNativeScreenOrientation.h; path = Classes/BridgeNativeScreenOrientation.h; sourceTree = SOURCE_ROOT; };
		C39830FE1B7B1BAA001AF64B /* BridgeNativeScreenOrientation.m */ = {isa = PBXFileReference; fileEncoding = 4; lastKnownFileType = sourcecode.c.objc; name = BridgeNativeScreenOrientation.m; path = Classes/BridgeNativeScreenOrientation.m; sourceTree = SOURCE_ROOT; };
		C39831001B7B1BC3001AF64B /* BridgeNativeNotification.h */ = {isa = PBXFileReference; fileEncoding = 4; lastKnownFileType = sourcecode.c.h; name = BridgeNativeNotification.h; path = Classes/BridgeNativeNotification.h; sourceTree = SOURCE_ROOT; };
		C39831011B7B1BC3001AF64B /* BridgeNativeNotification.m */ = {isa = PBXFileReference; fileEncoding = 4; lastKnownFileType = sourcecode.c.objc; name = BridgeNativeNotification.m; path = Classes/BridgeNativeNotification.m; sourceTree = SOURCE_ROOT; };
		C39831031B7B1BD4001AF64B /* AGPushNoteView.h */ = {isa = PBXFileReference; fileEncoding = 4; lastKnownFileType = sourcecode.c.h; name = AGPushNoteView.h; path = Classes/AGPushNoteView.h; sourceTree = SOURCE_ROOT; };
		C39831041B7B1BD4001AF64B /* AGPushNoteView.m */ = {isa = PBXFileReference; fileEncoding = 4; lastKnownFileType = sourcecode.c.objc; name = AGPushNoteView.m; path = Classes/AGPushNoteView.m; sourceTree = SOURCE_ROOT; };
		C39831061B7B1BEA001AF64B /* BridgeNativeVibrate.h */ = {isa = PBXFileReference; fileEncoding = 4; lastKnownFileType = sourcecode.c.h; name = BridgeNativeVibrate.h; path = Classes/BridgeNativeVibrate.h; sourceTree = SOURCE_ROOT; };
		C39831071B7B1BEA001AF64B /* BridgeNativeVibrate.m */ = {isa = PBXFileReference; fileEncoding = 4; lastKnownFileType = sourcecode.c.objc; name = BridgeNativeVibrate.m; path = Classes/BridgeNativeVibrate.m; sourceTree = SOURCE_ROOT; };
		C39831091B7B1BFC001AF64B /* BridgeNativeEcho.h */ = {isa = PBXFileReference; fileEncoding = 4; lastKnownFileType = sourcecode.c.h; name = BridgeNativeEcho.h; path = Classes/BridgeNativeEcho.h; sourceTree = SOURCE_ROOT; };
		C398310A1B7B1BFC001AF64B /* BridgeNativeEcho.m */ = {isa = PBXFileReference; fileEncoding = 4; lastKnownFileType = sourcecode.c.objc; name = BridgeNativeEcho.m; path = Classes/BridgeNativeEcho.m; sourceTree = SOURCE_ROOT; };
		C398310C1B7B1C3B001AF64B /* screenorientation.js */ = {isa = PBXFileReference; fileEncoding = 4; lastKnownFileType = sourcecode.javascript; name = screenorientation.js; path = Resources/screenorientation.js; sourceTree = SOURCE_ROOT; };
		C398310E1B7B1C43001AF64B /* notification.js */ = {isa = PBXFileReference; fileEncoding = 4; lastKnownFileType = sourcecode.javascript; name = notification.js; path = Resources/notification.js; sourceTree = SOURCE_ROOT; };
		C39831101B7B1C4E001AF64B /* AGPushNoteView.xib */ = {isa = PBXFileReference; fileEncoding = 4; lastKnownFileType = file.xib; name = AGPushNoteView.xib; path = Resources/AGPushNoteView.xib; sourceTree = SOURCE_ROOT; };
		C39831121B7B1C58001AF64B /* vibration.js */ = {isa = PBXFileReference; fileEncoding = 4; lastKnownFileType = sourcecode.javascript; name = vibration.js; path = Resources/vibration.js; sourceTree = SOURCE_ROOT; };
		C39831141B7B1C60001AF64B /* echo.js */ = {isa = PBXFileReference; fileEncoding = 4; lastKnownFileType = sourcecode.javascript; name = echo.js; path = Resources/echo.js; sourceTree = SOURCE_ROOT; };
		C39831161B7B1C6C001AF64B /* callback_manager.js */ = {isa = PBXFileReference; fileEncoding = 4; lastKnownFileType = sourcecode.javascript; name = callback_manager.js; path = Resources/callback_manager.js; sourceTree = SOURCE_ROOT; };
		C39831171B7B1C6C001AF64B /* message_hub.js */ = {isa = PBXFileReference; fileEncoding = 4; lastKnownFileType = sourcecode.javascript; name = message_hub.js; path = Resources/message_hub.js; sourceTree = SOURCE_ROOT; };
		C3BDA4081B85B00500C30305 /* zh-Hans */ = {isa = PBXFileReference; lastKnownFileType = text.plist.strings; name = "zh-Hans"; path = "zh-Hans.lproj/Localizable.strings"; sourceTree = "<group>"; };
		C3BDA4091B85B00600C30305 /* ja */ = {isa = PBXFileReference; lastKnownFileType = text.plist.strings; name = ja; path = ja.lproj/Localizable.strings; sourceTree = "<group>"; };
		C3BDA40A1B85B00700C30305 /* zh-Hant */ = {isa = PBXFileReference; lastKnownFileType = text.plist.strings; name = "zh-Hant"; path = "zh-Hant.lproj/Localizable.strings"; sourceTree = "<group>"; };
		C3D212A91BA02E0E007CB79E /* YJProcessPool.h */ = {isa = PBXFileReference; fileEncoding = 4; lastKnownFileType = sourcecode.c.h; name = YJProcessPool.h; path = ../Classes/YJProcessPool.h; sourceTree = "<group>"; };
		C3D212AA1BA02E0E007CB79E /* YJProcessPool.m */ = {isa = PBXFileReference; fileEncoding = 4; lastKnownFileType = sourcecode.c.objc; name = YJProcessPool.m; path = ../Classes/YJProcessPool.m; sourceTree = "<group>"; };
		C3EB94431B5CF00400F0144B /* YJWebView.app */ = {isa = PBXFileReference; explicitFileType = wrapper.application; includeInIndex = 0; path = YJWebView.app; sourceTree = BUILT_PRODUCTS_DIR; };
		C3EB94471B5CF00400F0144B /* Info.plist */ = {isa = PBXFileReference; lastKnownFileType = text.plist.xml; path = Info.plist; sourceTree = "<group>"; };
		C3EB94481B5CF00400F0144B /* main.m */ = {isa = PBXFileReference; lastKnownFileType = sourcecode.c.objc; path = main.m; sourceTree = "<group>"; };
		C3EB944A1B5CF00400F0144B /* AppDelegate.h */ = {isa = PBXFileReference; lastKnownFileType = sourcecode.c.h; path = AppDelegate.h; sourceTree = "<group>"; };
		C3EB944B1B5CF00400F0144B /* AppDelegate.m */ = {isa = PBXFileReference; lastKnownFileType = sourcecode.c.objc; path = AppDelegate.m; sourceTree = "<group>"; };
		C3EB944D1B5CF00400F0144B /* ViewController.h */ = {isa = PBXFileReference; lastKnownFileType = sourcecode.c.h; path = ViewController.h; sourceTree = "<group>"; };
		C3EB944E1B5CF00400F0144B /* ViewController.m */ = {isa = PBXFileReference; lastKnownFileType = sourcecode.c.objc; path = ViewController.m; sourceTree = "<group>"; };
		C3EB94531B5CF00400F0144B /* Images.xcassets */ = {isa = PBXFileReference; lastKnownFileType = folder.assetcatalog; path = Images.xcassets; sourceTree = "<group>"; };
		C3EB94561B5CF00400F0144B /* Base */ = {isa = PBXFileReference; lastKnownFileType = file.xib; name = Base; path = Base.lproj/LaunchScreen.xib; sourceTree = "<group>"; };
		C3EB945C1B5CF00400F0144B /* YJWebViewTests.xctest */ = {isa = PBXFileReference; explicitFileType = wrapper.cfbundle; includeInIndex = 0; path = YJWebViewTests.xctest; sourceTree = BUILT_PRODUCTS_DIR; };
		C3EB94611B5CF00400F0144B /* Info.plist */ = {isa = PBXFileReference; lastKnownFileType = text.plist.xml; path = Info.plist; sourceTree = "<group>"; };
		C3EB94621B5CF00400F0144B /* YJWebViewTests.m */ = {isa = PBXFileReference; lastKnownFileType = sourcecode.c.objc; path = YJWebViewTests.m; sourceTree = "<group>"; };
		C3EB946E1B5CF05600F0144B /* JavaScriptCore.framework */ = {isa = PBXFileReference; lastKnownFileType = wrapper.framework; name = JavaScriptCore.framework; path = System/Library/Frameworks/JavaScriptCore.framework; sourceTree = SDKROOT; };
		C3EB94701B5CF05D00F0144B /* WebKit.framework */ = {isa = PBXFileReference; lastKnownFileType = wrapper.framework; name = WebKit.framework; path = System/Library/Frameworks/WebKit.framework; sourceTree = SDKROOT; };
		C3ED397F1BA13C6500B47569 /* UIWebView+AFFNetworking.h */ = {isa = PBXFileReference; fileEncoding = 4; lastKnownFileType = sourcecode.c.h; path = "UIWebView+AFFNetworking.h"; sourceTree = "<group>"; };
		C3ED39801BA13C6500B47569 /* UIWebView+AFFNetworking.m */ = {isa = PBXFileReference; fileEncoding = 4; lastKnownFileType = sourcecode.c.objc; path = "UIWebView+AFFNetworking.m"; sourceTree = "<group>"; };
		C3ED39931BA13E9300B47569 /* AFFHTTPRequestOperation.h */ = {isa = PBXFileReference; fileEncoding = 4; lastKnownFileType = sourcecode.c.h; path = AFFHTTPRequestOperation.h; sourceTree = "<group>"; };
		C3ED39941BA13E9300B47569 /* AFFHTTPRequestOperation.m */ = {isa = PBXFileReference; fileEncoding = 4; lastKnownFileType = sourcecode.c.objc; path = AFFHTTPRequestOperation.m; sourceTree = "<group>"; };
		C3ED39951BA13E9300B47569 /* AFFHTTPRequestOperationManager.h */ = {isa = PBXFileReference; fileEncoding = 4; lastKnownFileType = sourcecode.c.h; path = AFFHTTPRequestOperationManager.h; sourceTree = "<group>"; };
		C3ED39961BA13E9300B47569 /* AFFHTTPRequestOperationManager.m */ = {isa = PBXFileReference; fileEncoding = 4; lastKnownFileType = sourcecode.c.objc; path = AFFHTTPRequestOperationManager.m; sourceTree = "<group>"; };
		C3ED39971BA13E9300B47569 /* AFFHTTPSessionManager.h */ = {isa = PBXFileReference; fileEncoding = 4; lastKnownFileType = sourcecode.c.h; path = AFFHTTPSessionManager.h; sourceTree = "<group>"; };
		C3ED39981BA13E9300B47569 /* AFFHTTPSessionManager.m */ = {isa = PBXFileReference; fileEncoding = 4; lastKnownFileType = sourcecode.c.objc; path = AFFHTTPSessionManager.m; sourceTree = "<group>"; };
		C3ED39991BA13E9300B47569 /* AFFNetworking.h */ = {isa = PBXFileReference; fileEncoding = 4; lastKnownFileType = sourcecode.c.h; path = AFFNetworking.h; sourceTree = "<group>"; };
		C3ED399A1BA13E9300B47569 /* AFFNetworkReachabilityManager.h */ = {isa = PBXFileReference; fileEncoding = 4; lastKnownFileType = sourcecode.c.h; path = AFFNetworkReachabilityManager.h; sourceTree = "<group>"; };
		C3ED399B1BA13E9300B47569 /* AFFNetworkReachabilityManager.m */ = {isa = PBXFileReference; fileEncoding = 4; lastKnownFileType = sourcecode.c.objc; path = AFFNetworkReachabilityManager.m; sourceTree = "<group>"; };
		C3ED399C1BA13E9300B47569 /* AFFSecurityPolicy.h */ = {isa = PBXFileReference; fileEncoding = 4; lastKnownFileType = sourcecode.c.h; path = AFFSecurityPolicy.h; sourceTree = "<group>"; };
		C3ED399D1BA13E9300B47569 /* AFFSecurityPolicy.m */ = {isa = PBXFileReference; fileEncoding = 4; lastKnownFileType = sourcecode.c.objc; path = AFFSecurityPolicy.m; sourceTree = "<group>"; };
		C3ED399E1BA13E9300B47569 /* AFFURLConnectionOperation.h */ = {isa = PBXFileReference; fileEncoding = 4; lastKnownFileType = sourcecode.c.h; path = AFFURLConnectionOperation.h; sourceTree = "<group>"; };
		C3ED399F1BA13E9300B47569 /* AFFURLConnectionOperation.m */ = {isa = PBXFileReference; fileEncoding = 4; lastKnownFileType = sourcecode.c.objc; path = AFFURLConnectionOperation.m; sourceTree = "<group>"; };
		C3ED39A01BA13E9300B47569 /* AFFURLRequestSerialization.h */ = {isa = PBXFileReference; fileEncoding = 4; lastKnownFileType = sourcecode.c.h; path = AFFURLRequestSerialization.h; sourceTree = "<group>"; };
		C3ED39A11BA13E9300B47569 /* AFFURLRequestSerialization.m */ = {isa = PBXFileReference; fileEncoding = 4; lastKnownFileType = sourcecode.c.objc; path = AFFURLRequestSerialization.m; sourceTree = "<group>"; };
		C3ED39A21BA13E9300B47569 /* AFFURLResponseSerialization.h */ = {isa = PBXFileReference; fileEncoding = 4; lastKnownFileType = sourcecode.c.h; path = AFFURLResponseSerialization.h; sourceTree = "<group>"; };
		C3ED39A31BA13E9300B47569 /* AFFURLResponseSerialization.m */ = {isa = PBXFileReference; fileEncoding = 4; lastKnownFileType = sourcecode.c.objc; path = AFFURLResponseSerialization.m; sourceTree = "<group>"; };
		C3ED39A41BA13E9300B47569 /* AFFURLSessionManager.h */ = {isa = PBXFileReference; fileEncoding = 4; lastKnownFileType = sourcecode.c.h; path = AFFURLSessionManager.h; sourceTree = "<group>"; };
		C3ED39A51BA13E9300B47569 /* AFFURLSessionManager.m */ = {isa = PBXFileReference; fileEncoding = 4; lastKnownFileType = sourcecode.c.objc; path = AFFURLSessionManager.m; sourceTree = "<group>"; };
		C3EE4CFF1B9C411B0061B233 /* AudioToolbox.framework */ = {isa = PBXFileReference; lastKnownFileType = wrapper.framework; name = AudioToolbox.framework; path = System/Library/Frameworks/AudioToolbox.framework; sourceTree = SDKROOT; };
/* End PBXFileReference section */

/* Begin PBXFrameworksBuildPhase section */
		C3EB94401B5CF00400F0144B /* Frameworks */ = {
			isa = PBXFrameworksBuildPhase;
			buildActionMask = 2147483647;
			files = (
				C3EE4D011B9C41280061B233 /* AudioToolbox.framework in Frameworks */,
				C3EB94741B5CF09C00F0144B /* JavaScriptCore.framework in Frameworks */,
				C3EB94731B5CF09700F0144B /* WebKit.framework in Frameworks */,
			);
			runOnlyForDeploymentPostprocessing = 0;
		};
		C3EB94591B5CF00400F0144B /* Frameworks */ = {
			isa = PBXFrameworksBuildPhase;
			buildActionMask = 2147483647;
			files = (
			);
			runOnlyForDeploymentPostprocessing = 0;
		};
/* End PBXFrameworksBuildPhase section */

/* Begin PBXGroup section */
		C3333E081B5D279900241DAA /* UIWebView+JSContext */ = {
			isa = PBXGroup;
			children = (
				C39830ED1B7B1AB9001AF64B /* UIWebView+TS_JavaScriptContext.h */,
				C39830EE1B7B1AB9001AF64B /* UIWebView+TS_JavaScriptContext.m */,
			);
			name = "UIWebView+JSContext";
			sourceTree = "<group>";
		};
		C33C5D321B9988EB0046FFE2 /* Detector */ = {
			isa = PBXGroup;
			children = (
				C33C5D3A1B998B750046FFE2 /* BridgeNativeDetector.h */,
				C33C5D3B1B998B750046FFE2 /* BridgeNativeDetector.m */,
				C33C5D381B998B580046FFE2 /* detector.js */,
			);
			name = Detector;
			sourceTree = "<group>";
		};
		C366E9FF1B65E75400EE6D3B /* AGPushNote */ = {
			isa = PBXGroup;
			children = (
				C39831031B7B1BD4001AF64B /* AGPushNoteView.h */,
				C39831041B7B1BD4001AF64B /* AGPushNoteView.m */,
				C39831101B7B1C4E001AF64B /* AGPushNoteView.xib */,
			);
			name = AGPushNote;
			sourceTree = "<group>";
		};
		C3B1B1AB1B6514DA00705A11 /* Notification */ = {
			isa = PBXGroup;
			children = (
				C366E9FF1B65E75400EE6D3B /* AGPushNote */,
				C39831001B7B1BC3001AF64B /* BridgeNativeNotification.h */,
				C39831011B7B1BC3001AF64B /* BridgeNativeNotification.m */,
				C398310E1B7B1C43001AF64B /* notification.js */,
			);
			name = Notification;
			sourceTree = "<group>";
		};
		C3C3D2651B610A51004B6F77 /* InternalNativeObjects */ = {
			isa = PBXGroup;
			children = (
				C33C5D321B9988EB0046FFE2 /* Detector */,
				C3E8981C1B77341500644BB1 /* ScreenOrientation */,
				C3B1B1AB1B6514DA00705A11 /* Notification */,
				C3FC285C1B61E93900C7E3EB /* Vibrate */,
				C3FC285D1B61E94A00C7E3EB /* Echo */,
			);
			name = InternalNativeObjects;
			sourceTree = "<group>";
		};
		C3E8981C1B77341500644BB1 /* ScreenOrientation */ = {
			isa = PBXGroup;
			children = (
				C39830FD1B7B1BAA001AF64B /* BridgeNativeScreenOrientation.h */,
				C39830FE1B7B1BAA001AF64B /* BridgeNativeScreenOrientation.m */,
				C398310C1B7B1C3B001AF64B /* screenorientation.js */,
			);
			name = ScreenOrientation;
			sourceTree = "<group>";
		};
		C3EB943A1B5CF00400F0144B = {
			isa = PBXGroup;
			children = (
				C3EB94451B5CF00400F0144B /* YJWebView */,
				C3EB945F1B5CF00400F0144B /* YJWebViewTests */,
				C3EB94441B5CF00400F0144B /* Products */,
			);
			sourceTree = "<group>";
		};
		C3EB94441B5CF00400F0144B /* Products */ = {
			isa = PBXGroup;
			children = (
				C3EB94431B5CF00400F0144B /* YJWebView.app */,
				C3EB945C1B5CF00400F0144B /* YJWebViewTests.xctest */,
			);
			name = Products;
			sourceTree = "<group>";
		};
		C3EB94451B5CF00400F0144B /* YJWebView */ = {
			isa = PBXGroup;
			children = (
				C3EB94751B5CF0F800F0144B /* WebView */,
				C3EB944A1B5CF00400F0144B /* AppDelegate.h */,
				C3EB944B1B5CF00400F0144B /* AppDelegate.m */,
				C3EB944D1B5CF00400F0144B /* ViewController.h */,
				C3EB944E1B5CF00400F0144B /* ViewController.m */,
				C3EB94531B5CF00400F0144B /* Images.xcassets */,
				C3726FB71B85AF47007F267A /* Main.storyboard */,
				C3EB94551B5CF00400F0144B /* LaunchScreen.xib */,
				C3EB94721B5CF06A00F0144B /* Vendors */,
				C3EB94461B5CF00400F0144B /* Supporting Files */,
			);
			path = YJWebView;
			sourceTree = "<group>";
		};
		C3EB94461B5CF00400F0144B /* Supporting Files */ = {
			isa = PBXGroup;
			children = (
				C3EB94471B5CF00400F0144B /* Info.plist */,
				C3EB94481B5CF00400F0144B /* main.m */,
				C3726FB21B85AC00007F267A /* Localizable.strings */,
			);
			name = "Supporting Files";
			sourceTree = "<group>";
		};
		C3EB945F1B5CF00400F0144B /* YJWebViewTests */ = {
			isa = PBXGroup;
			children = (
				C3EB94621B5CF00400F0144B /* YJWebViewTests.m */,
				C3EB94601B5CF00400F0144B /* Supporting Files */,
			);
			path = YJWebViewTests;
			sourceTree = "<group>";
		};
		C3EB94601B5CF00400F0144B /* Supporting Files */ = {
			isa = PBXGroup;
			children = (
				C3EB94611B5CF00400F0144B /* Info.plist */,
			);
			name = "Supporting Files";
			sourceTree = "<group>";
		};
		C3EB94721B5CF06A00F0144B /* Vendors */ = {
			isa = PBXGroup;
			children = (
				C3ED395B1BA13C6500B47569 /* AFNetworking */,
				C3ED396F1BA13C6500B47569 /* UIKit+AFNetworking */,
				C3EE4CFF1B9C411B0061B233 /* AudioToolbox.framework */,
				C3EB94701B5CF05D00F0144B /* WebKit.framework */,
				C3EB946E1B5CF05600F0144B /* JavaScriptCore.framework */,
			);
			name = Vendors;
			sourceTree = "<group>";
		};
		C3EB94751B5CF0F800F0144B /* WebView */ = {
			isa = PBXGroup;
			children = (
				C39830F71B7B1B1B001AF64B /* YJWebView.h */,
				C39830F81B7B1B1B001AF64B /* YJWebViewDelegate.h */,
				C39830F91B7B1B1B001AF64B /* YJWebViewFactory.h */,
				C39830FA1B7B1B1B001AF64B /* YJWebViewFactory.m */,
				C39830FB1B7B1B1B001AF64B /* YJWebViewProvider.h */,
				C3EB94781B5CF11700F0144B /* YJHybridBridge */,
				C3EB94771B5CF10A00F0144B /* WKWebView */,
				C3EB94761B5CF10000F0144B /* UIWebView */,
			);
			name = WebView;
			sourceTree = "<group>";
		};
		C3EB94761B5CF10000F0144B /* UIWebView */ = {
			isa = PBXGroup;
			children = (
				C3412E031B7B285400A05E45 /* es6promise.js */,
				C39830F41B7B1AF3001AF64B /* YJUIWebView.h */,
				C39830F51B7B1AF3001AF64B /* YJUIWebView.m */,
				C3333E081B5D279900241DAA /* UIWebView+JSContext */,
			);
			name = UIWebView;
			sourceTree = "<group>";
		};
		C3EB94771B5CF10A00F0144B /* WKWebView */ = {
			isa = PBXGroup;
			children = (
				C3D212A91BA02E0E007CB79E /* YJProcessPool.h */,
				C3D212AA1BA02E0E007CB79E /* YJProcessPool.m */,
				C39830F11B7B1ADB001AF64B /* YJWKWebView.h */,
				C39830F21B7B1ADB001AF64B /* YJWKWebView.m */,
			);
			name = WKWebView;
			sourceTree = "<group>";
		};
		C3EB94781B5CF11700F0144B /* YJHybridBridge */ = {
			isa = PBXGroup;
			children = (
				C3C3D2651B610A51004B6F77 /* InternalNativeObjects */,
				C3EB947C1B5CF12C00F0144B /* MessageHub */,
				C39830EC1B7B1A82001AF64B /* YJBridgeNative.h */,
			);
			name = YJHybridBridge;
			sourceTree = "<group>";
		};
		C3EB947C1B5CF12C00F0144B /* MessageHub */ = {
			isa = PBXGroup;
			children = (
				C39830E51B7B1A42001AF64B /* YJHybridBridge.h */,
				C39830E61B7B1A42001AF64B /* YJHybridBridge.m */,
				C39830E81B7B1A60001AF64B /* MessageHub.h */,
				C39830E91B7B1A60001AF64B /* MessageHub.m */,
				C39830EA1B7B1A60001AF64B /* MessageHubProtocol.h */,
				C39831161B7B1C6C001AF64B /* callback_manager.js */,
				C39831171B7B1C6C001AF64B /* message_hub.js */,
			);
			name = MessageHub;
			sourceTree = "<group>";
		};
		C3ED395B1BA13C6500B47569 /* AFNetworking */ = {
			isa = PBXGroup;
			children = (
				C3ED39931BA13E9300B47569 /* AFFHTTPRequestOperation.h */,
				C3ED39941BA13E9300B47569 /* AFFHTTPRequestOperation.m */,
				C3ED39951BA13E9300B47569 /* AFFHTTPRequestOperationManager.h */,
				C3ED39961BA13E9300B47569 /* AFFHTTPRequestOperationManager.m */,
				C3ED39971BA13E9300B47569 /* AFFHTTPSessionManager.h */,
				C3ED39981BA13E9300B47569 /* AFFHTTPSessionManager.m */,
				C3ED39991BA13E9300B47569 /* AFFNetworking.h */,
				C3ED399A1BA13E9300B47569 /* AFFNetworkReachabilityManager.h */,
				C3ED399B1BA13E9300B47569 /* AFFNetworkReachabilityManager.m */,
				C3ED399C1BA13E9300B47569 /* AFFSecurityPolicy.h */,
				C3ED399D1BA13E9300B47569 /* AFFSecurityPolicy.m */,
				C3ED399E1BA13E9300B47569 /* AFFURLConnectionOperation.h */,
				C3ED399F1BA13E9300B47569 /* AFFURLConnectionOperation.m */,
				C3ED39A01BA13E9300B47569 /* AFFURLRequestSerialization.h */,
				C3ED39A11BA13E9300B47569 /* AFFURLRequestSerialization.m */,
				C3ED39A21BA13E9300B47569 /* AFFURLResponseSerialization.h */,
				C3ED39A31BA13E9300B47569 /* AFFURLResponseSerialization.m */,
				C3ED39A41BA13E9300B47569 /* AFFURLSessionManager.h */,
				C3ED39A51BA13E9300B47569 /* AFFURLSessionManager.m */,
			);
			name = AFNetworking;
			path = Classes/AFNetworking;
			sourceTree = SOURCE_ROOT;
		};
		C3ED396F1BA13C6500B47569 /* UIKit+AFNetworking */ = {
			isa = PBXGroup;
			children = (
				C3ED397F1BA13C6500B47569 /* UIWebView+AFFNetworking.h */,
				C3ED39801BA13C6500B47569 /* UIWebView+AFFNetworking.m */,
			);
			name = "UIKit+AFNetworking";
			path = "Classes/UIKit+AFNetworking";
			sourceTree = SOURCE_ROOT;
		};
		C3FC285C1B61E93900C7E3EB /* Vibrate */ = {
			isa = PBXGroup;
			children = (
				C39831061B7B1BEA001AF64B /* BridgeNativeVibrate.h */,
				C39831071B7B1BEA001AF64B /* BridgeNativeVibrate.m */,
				C39831121B7B1C58001AF64B /* vibration.js */,
			);
			name = Vibrate;
			sourceTree = "<group>";
		};
		C3FC285D1B61E94A00C7E3EB /* Echo */ = {
			isa = PBXGroup;
			children = (
				C39831091B7B1BFC001AF64B /* BridgeNativeEcho.h */,
				C398310A1B7B1BFC001AF64B /* BridgeNativeEcho.m */,
				C39831141B7B1C60001AF64B /* echo.js */,
			);
			name = Echo;
			sourceTree = "<group>";
		};
/* End PBXGroup section */

/* Begin PBXNativeTarget section */
		C3EB94421B5CF00400F0144B /* YJWebView */ = {
			isa = PBXNativeTarget;
			buildConfigurationList = C3EB94661B5CF00400F0144B /* Build configuration list for PBXNativeTarget "YJWebView" */;
			buildPhases = (
				C3EB943F1B5CF00400F0144B /* Sources */,
				C3EB94401B5CF00400F0144B /* Frameworks */,
				C3EB94411B5CF00400F0144B /* Resources */,
			);
			buildRules = (
			);
			dependencies = (
			);
			name = YJWebView;
			productName = YJWebView;
			productReference = C3EB94431B5CF00400F0144B /* YJWebView.app */;
			productType = "com.apple.product-type.application";
		};
		C3EB945B1B5CF00400F0144B /* YJWebViewTests */ = {
			isa = PBXNativeTarget;
			buildConfigurationList = C3EB94691B5CF00400F0144B /* Build configuration list for PBXNativeTarget "YJWebViewTests" */;
			buildPhases = (
				C3EB94581B5CF00400F0144B /* Sources */,
				C3EB94591B5CF00400F0144B /* Frameworks */,
				C3EB945A1B5CF00400F0144B /* Resources */,
			);
			buildRules = (
			);
			dependencies = (
				C3EB945E1B5CF00400F0144B /* PBXTargetDependency */,
			);
			name = YJWebViewTests;
			productName = YJWebViewTests;
			productReference = C3EB945C1B5CF00400F0144B /* YJWebViewTests.xctest */;
			productType = "com.apple.product-type.bundle.unit-test";
		};
/* End PBXNativeTarget section */

/* Begin PBXProject section */
		C3EB943B1B5CF00400F0144B /* Project object */ = {
			isa = PBXProject;
			attributes = {
				LastUpgradeCheck = 0630;
				ORGANIZATIONNAME = "Tinydust Technonogy Ltd.";
				TargetAttributes = {
					C3EB94421B5CF00400F0144B = {
						CreatedOnToolsVersion = 6.3.2;
					};
					C3EB945B1B5CF00400F0144B = {
						CreatedOnToolsVersion = 6.3.2;
						TestTargetID = C3EB94421B5CF00400F0144B;
					};
				};
			};
			buildConfigurationList = C3EB943E1B5CF00400F0144B /* Build configuration list for PBXProject "YJWebView" */;
			compatibilityVersion = "Xcode 3.2";
			developmentRegion = English;
			hasScannedForEncodings = 0;
			knownRegions = (
				en,
				Base,
				"zh-Hans",
				ja,
				"zh-Hant",
			);
			mainGroup = C3EB943A1B5CF00400F0144B;
			productRefGroup = C3EB94441B5CF00400F0144B /* Products */;
			projectDirPath = "";
			projectRoot = "";
			targets = (
				C3EB94421B5CF00400F0144B /* YJWebView */,
				C3EB945B1B5CF00400F0144B /* YJWebViewTests */,
			);
		};
/* End PBXProject section */

/* Begin PBXResourcesBuildPhase section */
		C3EB94411B5CF00400F0144B /* Resources */ = {
			isa = PBXResourcesBuildPhase;
			buildActionMask = 2147483647;
			files = (
				C39831191B7B1C6C001AF64B /* message_hub.js in Resources */,
				C3726FB01B85AC00007F267A /* Localizable.strings in Resources */,
				C398310D1B7B1C3B001AF64B /* screenorientation.js in Resources */,
				C3726FB91B85AF47007F267A /* Main.storyboard in Resources */,
				C39831111B7B1C4E001AF64B /* AGPushNoteView.xib in Resources */,
				C33C5D391B998B580046FFE2 /* detector.js in Resources */,
				C39831131B7B1C58001AF64B /* vibration.js in Resources */,
				C3EB94571B5CF00400F0144B /* LaunchScreen.xib in Resources */,
				C39831151B7B1C60001AF64B /* echo.js in Resources */,
				C398310F1B7B1C43001AF64B /* notification.js in Resources */,
				C3412E041B7B285400A05E45 /* es6promise.js in Resources */,
				C3EB94541B5CF00400F0144B /* Images.xcassets in Resources */,
				C39831181B7B1C6C001AF64B /* callback_manager.js in Resources */,
			);
			runOnlyForDeploymentPostprocessing = 0;
		};
		C3EB945A1B5CF00400F0144B /* Resources */ = {
			isa = PBXResourcesBuildPhase;
			buildActionMask = 2147483647;
			files = (
			);
			runOnlyForDeploymentPostprocessing = 0;
		};
/* End PBXResourcesBuildPhase section */

/* Begin PBXSourcesBuildPhase section */
		C3EB943F1B5CF00400F0144B /* Sources */ = {
			isa = PBXSourcesBuildPhase;
			buildActionMask = 2147483647;
			files = (
				C3ED39AE1BA13E9300B47569 /* AFFURLSessionManager.m in Sources */,
				C39830F01B7B1AB9001AF64B /* UIWebView+TS_JavaScriptContext.m in Sources */,
				C3ED39911BA13C6500B47569 /* UIWebView+AFFNetworking.m in Sources */,
				C39831081B7B1BEA001AF64B /* BridgeNativeVibrate.m in Sources */,
				C3ED39AD1BA13E9300B47569 /* AFFURLResponseSerialization.m in Sources */,
				C39830E71B7B1A42001AF64B /* YJHybridBridge.m in Sources */,
				C3EB944F1B5CF00400F0144B /* ViewController.m in Sources */,
				C39830FC1B7B1B1B001AF64B /* YJWebViewFactory.m in Sources */,
				C3ED39A71BA13E9300B47569 /* AFFHTTPRequestOperationManager.m in Sources */,
				C3ED39A91BA13E9300B47569 /* AFFNetworkReachabilityManager.m in Sources */,
				C39831021B7B1BC3001AF64B /* BridgeNativeNotification.m in Sources */,
				C3ED39AB1BA13E9300B47569 /* AFFURLConnectionOperation.m in Sources */,
				C3D212AB1BA02E0E007CB79E /* YJProcessPool.m in Sources */,
				C39831051B7B1BD4001AF64B /* AGPushNoteView.m in Sources */,
				C3ED39A81BA13E9300B47569 /* AFFHTTPSessionManager.m in Sources */,
				C3ED39A61BA13E9300B47569 /* AFFHTTPRequestOperation.m in Sources */,
				C39830EB1B7B1A60001AF64B /* MessageHub.m in Sources */,
				C3ED39AC1BA13E9300B47569 /* AFFURLRequestSerialization.m in Sources */,
				C3EB944C1B5CF00400F0144B /* AppDelegate.m in Sources */,
				C39830FF1B7B1BAA001AF64B /* BridgeNativeScreenOrientation.m in Sources */,
				C398310B1B7B1BFC001AF64B /* BridgeNativeEcho.m in Sources */,
				C39830F31B7B1ADB001AF64B /* YJWKWebView.m in Sources */,
				C39830F61B7B1AF3001AF64B /* YJUIWebView.m in Sources */,
				C3ED39AA1BA13E9300B47569 /* AFFSecurityPolicy.m in Sources */,
				C3EB94491B5CF00400F0144B /* main.m in Sources */,
				C33C5D3C1B998B750046FFE2 /* BridgeNativeDetector.m in Sources */,
			);
			runOnlyForDeploymentPostprocessing = 0;
		};
		C3EB94581B5CF00400F0144B /* Sources */ = {
			isa = PBXSourcesBuildPhase;
			buildActionMask = 2147483647;
			files = (
				C3EB94631B5CF00400F0144B /* YJWebViewTests.m in Sources */,
			);
			runOnlyForDeploymentPostprocessing = 0;
		};
/* End PBXSourcesBuildPhase section */

/* Begin PBXTargetDependency section */
		C3EB945E1B5CF00400F0144B /* PBXTargetDependency */ = {
			isa = PBXTargetDependency;
			target = C3EB94421B5CF00400F0144B /* YJWebView */;
			targetProxy = C3EB945D1B5CF00400F0144B /* PBXContainerItemProxy */;
		};
/* End PBXTargetDependency section */

/* Begin PBXVariantGroup section */
		C3726FB21B85AC00007F267A /* Localizable.strings */ = {
			isa = PBXVariantGroup;
			children = (
				C3726FB11B85AC00007F267A /* Base */,
				C3BDA4081B85B00500C30305 /* zh-Hans */,
				C3BDA4091B85B00600C30305 /* ja */,
				C3BDA40A1B85B00700C30305 /* zh-Hant */,
			);
			name = Localizable.strings;
			sourceTree = "<group>";
		};
		C3726FB71B85AF47007F267A /* Main.storyboard */ = {
			isa = PBXVariantGroup;
			children = (
				C3726FB81B85AF47007F267A /* Base */,
			);
			name = Main.storyboard;
			sourceTree = "<group>";
		};
		C3EB94551B5CF00400F0144B /* LaunchScreen.xib */ = {
			isa = PBXVariantGroup;
			children = (
				C3EB94561B5CF00400F0144B /* Base */,
			);
			name = LaunchScreen.xib;
			sourceTree = "<group>";
		};
/* End PBXVariantGroup section */

/* Begin XCBuildConfiguration section */
		C3EB94641B5CF00400F0144B /* Debug */ = {
			isa = XCBuildConfiguration;
			buildSettings = {
				ALWAYS_SEARCH_USER_PATHS = NO;
				CLANG_CXX_LANGUAGE_STANDARD = "gnu++0x";
				CLANG_CXX_LIBRARY = "libc++";
				CLANG_ENABLE_MODULES = YES;
				CLANG_ENABLE_OBJC_ARC = YES;
				CLANG_WARN_BOOL_CONVERSION = YES;
				CLANG_WARN_CONSTANT_CONVERSION = YES;
				CLANG_WARN_DIRECT_OBJC_ISA_USAGE = YES_ERROR;
				CLANG_WARN_EMPTY_BODY = YES;
				CLANG_WARN_ENUM_CONVERSION = YES;
				CLANG_WARN_INT_CONVERSION = YES;
				CLANG_WARN_OBJC_ROOT_CLASS = YES_ERROR;
				CLANG_WARN_UNREACHABLE_CODE = YES;
				CLANG_WARN__DUPLICATE_METHOD_MATCH = YES;
				"CODE_SIGN_IDENTITY[sdk=iphoneos*]" = "iPhone Developer";
				COPY_PHASE_STRIP = NO;
				DEBUG_INFORMATION_FORMAT = "dwarf-with-dsym";
				ENABLE_STRICT_OBJC_MSGSEND = YES;
				GCC_C_LANGUAGE_STANDARD = gnu99;
				GCC_DYNAMIC_NO_PIC = NO;
				GCC_NO_COMMON_BLOCKS = YES;
				GCC_OPTIMIZATION_LEVEL = 0;
				GCC_PREPROCESSOR_DEFINITIONS = (
					"DEBUG=1",
					"$(inherited)",
				);
				GCC_SYMBOLS_PRIVATE_EXTERN = NO;
				GCC_WARN_64_TO_32_BIT_CONVERSION = YES;
				GCC_WARN_ABOUT_RETURN_TYPE = YES_ERROR;
				GCC_WARN_UNDECLARED_SELECTOR = YES;
				GCC_WARN_UNINITIALIZED_AUTOS = YES_AGGRESSIVE;
				GCC_WARN_UNUSED_FUNCTION = YES;
				GCC_WARN_UNUSED_VARIABLE = YES;
				IPHONEOS_DEPLOYMENT_TARGET = 8.3;
				MTL_ENABLE_DEBUG_INFO = YES;
				ONLY_ACTIVE_ARCH = YES;
				SDKROOT = iphoneos;
				TARGETED_DEVICE_FAMILY = "1,2";
			};
			name = Debug;
		};
		C3EB94651B5CF00400F0144B /* Release */ = {
			isa = XCBuildConfiguration;
			buildSettings = {
				ALWAYS_SEARCH_USER_PATHS = NO;
				CLANG_CXX_LANGUAGE_STANDARD = "gnu++0x";
				CLANG_CXX_LIBRARY = "libc++";
				CLANG_ENABLE_MODULES = YES;
				CLANG_ENABLE_OBJC_ARC = YES;
				CLANG_WARN_BOOL_CONVERSION = YES;
				CLANG_WARN_CONSTANT_CONVERSION = YES;
				CLANG_WARN_DIRECT_OBJC_ISA_USAGE = YES_ERROR;
				CLANG_WARN_EMPTY_BODY = YES;
				CLANG_WARN_ENUM_CONVERSION = YES;
				CLANG_WARN_INT_CONVERSION = YES;
				CLANG_WARN_OBJC_ROOT_CLASS = YES_ERROR;
				CLANG_WARN_UNREACHABLE_CODE = YES;
				CLANG_WARN__DUPLICATE_METHOD_MATCH = YES;
				"CODE_SIGN_IDENTITY[sdk=iphoneos*]" = "iPhone Developer";
				COPY_PHASE_STRIP = NO;
				DEBUG_INFORMATION_FORMAT = "dwarf-with-dsym";
				ENABLE_NS_ASSERTIONS = NO;
				ENABLE_STRICT_OBJC_MSGSEND = YES;
				GCC_C_LANGUAGE_STANDARD = gnu99;
				GCC_NO_COMMON_BLOCKS = YES;
				GCC_WARN_64_TO_32_BIT_CONVERSION = YES;
				GCC_WARN_ABOUT_RETURN_TYPE = YES_ERROR;
				GCC_WARN_UNDECLARED_SELECTOR = YES;
				GCC_WARN_UNINITIALIZED_AUTOS = YES_AGGRESSIVE;
				GCC_WARN_UNUSED_FUNCTION = YES;
				GCC_WARN_UNUSED_VARIABLE = YES;
				IPHONEOS_DEPLOYMENT_TARGET = 8.3;
				MTL_ENABLE_DEBUG_INFO = NO;
				SDKROOT = iphoneos;
				TARGETED_DEVICE_FAMILY = "1,2";
				VALIDATE_PRODUCT = YES;
			};
			name = Release;
		};
		C3EB94671B5CF00400F0144B /* Debug */ = {
			isa = XCBuildConfiguration;
			buildSettings = {
				ASSETCATALOG_COMPILER_APPICON_NAME = AppIcon;
				ASSETCATALOG_COMPILER_LAUNCHIMAGE_NAME = LaunchImage;
				INFOPLIST_FILE = YJWebView/Info.plist;
				IPHONEOS_DEPLOYMENT_TARGET = 7.0;
				LD_RUNPATH_SEARCH_PATHS = "$(inherited) @executable_path/Frameworks";
				PRODUCT_NAME = "$(TARGET_NAME)";
			};
			name = Debug;
		};
		C3EB94681B5CF00400F0144B /* Release */ = {
			isa = XCBuildConfiguration;
			buildSettings = {
				ASSETCATALOG_COMPILER_APPICON_NAME = AppIcon;
				ASSETCATALOG_COMPILER_LAUNCHIMAGE_NAME = LaunchImage;
				INFOPLIST_FILE = YJWebView/Info.plist;
				IPHONEOS_DEPLOYMENT_TARGET = 7.0;
				LD_RUNPATH_SEARCH_PATHS = "$(inherited) @executable_path/Frameworks";
				PRODUCT_NAME = "$(TARGET_NAME)";
			};
			name = Release;
		};
		C3EB946A1B5CF00400F0144B /* Debug */ = {
			isa = XCBuildConfiguration;
			buildSettings = {
				BUNDLE_LOADER = "$(TEST_HOST)";
				FRAMEWORK_SEARCH_PATHS = (
					"$(SDKROOT)/Developer/Library/Frameworks",
					"$(inherited)",
				);
				GCC_PREPROCESSOR_DEFINITIONS = (
					"DEBUG=1",
					"$(inherited)",
				);
				INFOPLIST_FILE = YJWebViewTests/Info.plist;
				LD_RUNPATH_SEARCH_PATHS = "$(inherited) @executable_path/Frameworks @loader_path/Frameworks";
				PRODUCT_NAME = "$(TARGET_NAME)";
				TEST_HOST = "$(BUILT_PRODUCTS_DIR)/YJWebView.app/YJWebView";
			};
			name = Debug;
		};
		C3EB946B1B5CF00400F0144B /* Release */ = {
			isa = XCBuildConfiguration;
			buildSettings = {
				BUNDLE_LOADER = "$(TEST_HOST)";
				FRAMEWORK_SEARCH_PATHS = (
					"$(SDKROOT)/Developer/Library/Frameworks",
					"$(inherited)",
				);
				INFOPLIST_FILE = YJWebViewTests/Info.plist;
				LD_RUNPATH_SEARCH_PATHS = "$(inherited) @executable_path/Frameworks @loader_path/Frameworks";
				PRODUCT_NAME = "$(TARGET_NAME)";
				TEST_HOST = "$(BUILT_PRODUCTS_DIR)/YJWebView.app/YJWebView";
			};
			name = Release;
		};
/* End XCBuildConfiguration section */

/* Begin XCConfigurationList section */
		C3EB943E1B5CF00400F0144B /* Build configuration list for PBXProject "YJWebView" */ = {
			isa = XCConfigurationList;
			buildConfigurations = (
				C3EB94641B5CF00400F0144B /* Debug */,
				C3EB94651B5CF00400F0144B /* Release */,
			);
			defaultConfigurationIsVisible = 0;
			defaultConfigurationName = Release;
		};
		C3EB94661B5CF00400F0144B /* Build configuration list for PBXNativeTarget "YJWebView" */ = {
			isa = XCConfigurationList;
			buildConfigurations = (
				C3EB94671B5CF00400F0144B /* Debug */,
				C3EB94681B5CF00400F0144B /* Release */,
			);
			defaultConfigurationIsVisible = 0;
			defaultConfigurationName = Release;
		};
		C3EB94691B5CF00400F0144B /* Build configuration list for PBXNativeTarget "YJWebViewTests" */ = {
			isa = XCConfigurationList;
			buildConfigurations = (
				C3EB946A1B5CF00400F0144B /* Debug */,
				C3EB946B1B5CF00400F0144B /* Release */,
			);
			defaultConfigurationIsVisible = 0;
			defaultConfigurationName = Release;
		};
/* End XCConfigurationList section */
	};
	rootObject = C3EB943B1B5CF00400F0144B /* Project object */;
}
